// !$*UTF8*$!
{
	archiveVersion = 1;
	classes = {
	};
	objectVersion = 46;
	objects = {

/* Begin PBXBuildFile section */
		CD1D57231C71BDB700BB30AC /* main.m in Sources */ = {isa = PBXBuildFile; fileRef = CD1D57221C71BDB700BB30AC /* main.m */; };
		CD1D57261C71BDB700BB30AC /* AppDelegate.m in Sources */ = {isa = PBXBuildFile; fileRef = CD1D57251C71BDB700BB30AC /* AppDelegate.m */; };
		CD1D57291C71BDB700BB30AC /* HomePageViewController.m in Sources */ = {isa = PBXBuildFile; fileRef = CD1D57281C71BDB700BB30AC /* HomePageViewController.m */; };
		CD1D572C1C71BDB700BB30AC /* MemberPageViewController.m in Sources */ = {isa = PBXBuildFile; fileRef = CD1D572B1C71BDB700BB30AC /* MemberPageViewController.m */; };
		CD1D572F1C71BDB700BB30AC /* Main.storyboard in Resources */ = {isa = PBXBuildFile; fileRef = CD1D572D1C71BDB700BB30AC /* Main.storyboard */; };
		CD1D57311C71BDB700BB30AC /* Assets.xcassets in Resources */ = {isa = PBXBuildFile; fileRef = CD1D57301C71BDB700BB30AC /* Assets.xcassets */; };
		CD1D57341C71BDB700BB30AC /* LaunchScreen.storyboard in Resources */ = {isa = PBXBuildFile; fileRef = CD1D57321C71BDB700BB30AC /* LaunchScreen.storyboard */; };
		CD1D573F1C71BDB800BB30AC /* LincKiaTests.m in Sources */ = {isa = PBXBuildFile; fileRef = CD1D573E1C71BDB800BB30AC /* LincKiaTests.m */; };
		CD1D574A1C71BDB800BB30AC /* LincKiaUITests.m in Sources */ = {isa = PBXBuildFile; fileRef = CD1D57491C71BDB800BB30AC /* LincKiaUITests.m */; };
		CD5CD00C1C71E10F00B6A34B /* AFRquest.m in Sources */ = {isa = PBXBuildFile; fileRef = CD5CD00B1C71E10F00B6A34B /* AFRquest.m */; };
		CD65AB3B1C71C37D00AED0F8 /* MinePageViewController.m in Sources */ = {isa = PBXBuildFile; fileRef = CD65AB3A1C71C37D00AED0F8 /* MinePageViewController.m */; };
		CD7360BE1C71C9A800E3971C /* CommonUtil.m in Sources */ = {isa = PBXBuildFile; fileRef = CD7360B81C71C9A800E3971C /* CommonUtil.m */; };
		CD7360BF1C71C9A800E3971C /* CustomTextField.m in Sources */ = {isa = PBXBuildFile; fileRef = CD7360BA1C71C9A800E3971C /* CustomTextField.m */; };
		CD7360C01C71C9A800E3971C /* UITextField+PlaceHolderSetting.m in Sources */ = {isa = PBXBuildFile; fileRef = CD7360BD1C71C9A800E3971C /* UITextField+PlaceHolderSetting.m */; };
		CD81A0981C72B69F00221AEF /* home_pressed@2x.png in Resources */ = {isa = PBXBuildFile; fileRef = CD81A08C1C72B69F00221AEF /* home_pressed@2x.png */; };
		CD81A0991C72B69F00221AEF /* home_pressed@3x.png in Resources */ = {isa = PBXBuildFile; fileRef = CD81A08D1C72B69F00221AEF /* home_pressed@3x.png */; };
		CD81A09A1C72B69F00221AEF /* home_unpressed@2x.png in Resources */ = {isa = PBXBuildFile; fileRef = CD81A08E1C72B69F00221AEF /* home_unpressed@2x.png */; };
		CD81A09B1C72B69F00221AEF /* home_unpressed@3x.png in Resources */ = {isa = PBXBuildFile; fileRef = CD81A08F1C72B69F00221AEF /* home_unpressed@3x.png */; };
		CD81A09C1C72B69F00221AEF /* member_pressed@2x.png in Resources */ = {isa = PBXBuildFile; fileRef = CD81A0901C72B69F00221AEF /* member_pressed@2x.png */; };
		CD81A09D1C72B69F00221AEF /* member_pressed@3x.png in Resources */ = {isa = PBXBuildFile; fileRef = CD81A0911C72B69F00221AEF /* member_pressed@3x.png */; };
		CD81A09E1C72B69F00221AEF /* member_unpressed@2x.png in Resources */ = {isa = PBXBuildFile; fileRef = CD81A0921C72B69F00221AEF /* member_unpressed@2x.png */; };
		CD81A09F1C72B69F00221AEF /* member_unpressed@3x.png in Resources */ = {isa = PBXBuildFile; fileRef = CD81A0931C72B69F00221AEF /* member_unpressed@3x.png */; };
		CD81A0A01C72B69F00221AEF /* mine_pressed@2x.png in Resources */ = {isa = PBXBuildFile; fileRef = CD81A0941C72B69F00221AEF /* mine_pressed@2x.png */; };
		CD81A0A11C72B69F00221AEF /* mine_pressed@3x.png in Resources */ = {isa = PBXBuildFile; fileRef = CD81A0951C72B69F00221AEF /* mine_pressed@3x.png */; };
		CD81A0A21C72B69F00221AEF /* mine_unpressed@2x.png in Resources */ = {isa = PBXBuildFile; fileRef = CD81A0961C72B69F00221AEF /* mine_unpressed@2x.png */; };
		CD81A0A31C72B69F00221AEF /* mine_unpressed@3x.png in Resources */ = {isa = PBXBuildFile; fileRef = CD81A0971C72B69F00221AEF /* mine_unpressed@3x.png */; };
		DF6E82A5586B81344BCBA4C6 /* libPods.a in Frameworks */ = {isa = PBXBuildFile; fileRef = 4A87F89A1AD34DBE85390708 /* libPods.a */; };
/* End PBXBuildFile section */

/* Begin PBXContainerItemProxy section */
		CD1D573B1C71BDB800BB30AC /* PBXContainerItemProxy */ = {
			isa = PBXContainerItemProxy;
			containerPortal = CD1D57161C71BDB700BB30AC /* Project object */;
			proxyType = 1;
			remoteGlobalIDString = CD1D571D1C71BDB700BB30AC;
			remoteInfo = LincKia;
		};
		CD1D57461C71BDB800BB30AC /* PBXContainerItemProxy */ = {
			isa = PBXContainerItemProxy;
			containerPortal = CD1D57161C71BDB700BB30AC /* Project object */;
			proxyType = 1;
			remoteGlobalIDString = CD1D571D1C71BDB700BB30AC;
			remoteInfo = LincKia;
		};
/* End PBXContainerItemProxy section */

/* Begin PBXFileReference section */
		4A87F89A1AD34DBE85390708 /* libPods.a */ = {isa = PBXFileReference; explicitFileType = archive.ar; includeInIndex = 0; path = libPods.a; sourceTree = BUILT_PRODUCTS_DIR; };
		5209D7976CD92A98E2D1845C /* Pods.debug.xcconfig */ = {isa = PBXFileReference; includeInIndex = 1; lastKnownFileType = text.xcconfig; name = Pods.debug.xcconfig; path = "Pods/Target Support Files/Pods/Pods.debug.xcconfig"; sourceTree = "<group>"; };
		CD1D571E1C71BDB700BB30AC /* LincKia.app */ = {isa = PBXFileReference; explicitFileType = wrapper.application; includeInIndex = 0; path = LincKia.app; sourceTree = BUILT_PRODUCTS_DIR; };
		CD1D57221C71BDB700BB30AC /* main.m */ = {isa = PBXFileReference; lastKnownFileType = sourcecode.c.objc; path = main.m; sourceTree = "<group>"; };
		CD1D57241C71BDB700BB30AC /* AppDelegate.h */ = {isa = PBXFileReference; lastKnownFileType = sourcecode.c.h; path = AppDelegate.h; sourceTree = "<group>"; };
		CD1D57251C71BDB700BB30AC /* AppDelegate.m */ = {isa = PBXFileReference; lastKnownFileType = sourcecode.c.objc; path = AppDelegate.m; sourceTree = "<group>"; };
		CD1D57271C71BDB700BB30AC /* HomePageViewController.h */ = {isa = PBXFileReference; lastKnownFileType = sourcecode.c.h; path = HomePageViewController.h; sourceTree = "<group>"; };
		CD1D57281C71BDB700BB30AC /* HomePageViewController.m */ = {isa = PBXFileReference; lastKnownFileType = sourcecode.c.objc; path = HomePageViewController.m; sourceTree = "<group>"; };
		CD1D572A1C71BDB700BB30AC /* MemberPageViewController.h */ = {isa = PBXFileReference; lastKnownFileType = sourcecode.c.h; path = MemberPageViewController.h; sourceTree = "<group>"; };
		CD1D572B1C71BDB700BB30AC /* MemberPageViewController.m */ = {isa = PBXFileReference; lastKnownFileType = sourcecode.c.objc; path = MemberPageViewController.m; sourceTree = "<group>"; };
		CD1D572E1C71BDB700BB30AC /* Base */ = {isa = PBXFileReference; lastKnownFileType = file.storyboard; name = Base; path = Base.lproj/Main.storyboard; sourceTree = "<group>"; };
		CD1D57301C71BDB700BB30AC /* Assets.xcassets */ = {isa = PBXFileReference; lastKnownFileType = folder.assetcatalog; path = Assets.xcassets; sourceTree = "<group>"; };
		CD1D57331C71BDB700BB30AC /* Base */ = {isa = PBXFileReference; lastKnownFileType = file.storyboard; name = Base; path = Base.lproj/LaunchScreen.storyboard; sourceTree = "<group>"; };
		CD1D57351C71BDB700BB30AC /* Info.plist */ = {isa = PBXFileReference; lastKnownFileType = text.plist.xml; path = Info.plist; sourceTree = "<group>"; };
		CD1D573A1C71BDB800BB30AC /* LincKiaTests.xctest */ = {isa = PBXFileReference; explicitFileType = wrapper.cfbundle; includeInIndex = 0; path = LincKiaTests.xctest; sourceTree = BUILT_PRODUCTS_DIR; };
		CD1D573E1C71BDB800BB30AC /* LincKiaTests.m */ = {isa = PBXFileReference; lastKnownFileType = sourcecode.c.objc; path = LincKiaTests.m; sourceTree = "<group>"; };
		CD1D57401C71BDB800BB30AC /* Info.plist */ = {isa = PBXFileReference; lastKnownFileType = text.plist.xml; path = Info.plist; sourceTree = "<group>"; };
		CD1D57451C71BDB800BB30AC /* LincKiaUITests.xctest */ = {isa = PBXFileReference; explicitFileType = wrapper.cfbundle; includeInIndex = 0; path = LincKiaUITests.xctest; sourceTree = BUILT_PRODUCTS_DIR; };
		CD1D57491C71BDB800BB30AC /* LincKiaUITests.m */ = {isa = PBXFileReference; lastKnownFileType = sourcecode.c.objc; path = LincKiaUITests.m; sourceTree = "<group>"; };
		CD1D574B1C71BDB800BB30AC /* Info.plist */ = {isa = PBXFileReference; lastKnownFileType = text.plist.xml; path = Info.plist; sourceTree = "<group>"; };
		CD515AE41C7307A400601CA2 /* RequestFlag.h */ = {isa = PBXFileReference; fileEncoding = 4; lastKnownFileType = sourcecode.c.h; path = RequestFlag.h; sourceTree = "<group>"; };
		CD5CD00A1C71E10F00B6A34B /* AFRquest.h */ = {isa = PBXFileReference; fileEncoding = 4; lastKnownFileType = sourcecode.c.h; path = AFRquest.h; sourceTree = "<group>"; };
		CD5CD00B1C71E10F00B6A34B /* AFRquest.m */ = {isa = PBXFileReference; fileEncoding = 4; lastKnownFileType = sourcecode.c.objc; path = AFRquest.m; sourceTree = "<group>"; };
		CD65AB391C71C37D00AED0F8 /* MinePageViewController.h */ = {isa = PBXFileReference; fileEncoding = 4; lastKnownFileType = sourcecode.c.h; path = MinePageViewController.h; sourceTree = "<group>"; };
		CD65AB3A1C71C37D00AED0F8 /* MinePageViewController.m */ = {isa = PBXFileReference; fileEncoding = 4; lastKnownFileType = sourcecode.c.objc; path = MinePageViewController.m; sourceTree = "<group>"; };
		CD7360B41C71C91B00E3971C /* LincKia-Prefix.pch */ = {isa = PBXFileReference; fileEncoding = 4; lastKnownFileType = sourcecode.c.h; path = "LincKia-Prefix.pch"; sourceTree = "<group>"; };
		CD7360B61C71C9A800E3971C /* CommonDefine.h */ = {isa = PBXFileReference; fileEncoding = 4; lastKnownFileType = sourcecode.c.h; path = CommonDefine.h; sourceTree = "<group>"; };
		CD7360B71C71C9A800E3971C /* CommonUtil.h */ = {isa = PBXFileReference; fileEncoding = 4; lastKnownFileType = sourcecode.c.h; path = CommonUtil.h; sourceTree = "<group>"; };
		CD7360B81C71C9A800E3971C /* CommonUtil.m */ = {isa = PBXFileReference; fileEncoding = 4; lastKnownFileType = sourcecode.c.objc; path = CommonUtil.m; sourceTree = "<group>"; };
		CD7360B91C71C9A800E3971C /* CustomTextField.h */ = {isa = PBXFileReference; fileEncoding = 4; lastKnownFileType = sourcecode.c.h; path = CustomTextField.h; sourceTree = "<group>"; };
		CD7360BA1C71C9A800E3971C /* CustomTextField.m */ = {isa = PBXFileReference; fileEncoding = 4; lastKnownFileType = sourcecode.c.objc; path = CustomTextField.m; sourceTree = "<group>"; };
		CD7360BB1C71C9A800E3971C /* GlobalConfig.h */ = {isa = PBXFileReference; fileEncoding = 4; lastKnownFileType = sourcecode.c.h; path = GlobalConfig.h; sourceTree = "<group>"; };
		CD7360BC1C71C9A800E3971C /* UITextField+PlaceHolderSetting.h */ = {isa = PBXFileReference; fileEncoding = 4; lastKnownFileType = sourcecode.c.h; path = "UITextField+PlaceHolderSetting.h"; sourceTree = "<group>"; };
		CD7360BD1C71C9A800E3971C /* UITextField+PlaceHolderSetting.m */ = {isa = PBXFileReference; fileEncoding = 4; lastKnownFileType = sourcecode.c.objc; path = "UITextField+PlaceHolderSetting.m"; sourceTree = "<group>"; };
		CD7360C21C71CA5200E3971C /* PBSingleTon.h */ = {isa = PBXFileReference; fileEncoding = 4; lastKnownFileType = sourcecode.c.h; path = PBSingleTon.h; sourceTree = "<group>"; };
		CD81A08C1C72B69F00221AEF /* home_pressed@2x.png */ = {isa = PBXFileReference; lastKnownFileType = image.png; path = "home_pressed@2x.png"; sourceTree = "<group>"; };
		CD81A08D1C72B69F00221AEF /* home_pressed@3x.png */ = {isa = PBXFileReference; lastKnownFileType = image.png; path = "home_pressed@3x.png"; sourceTree = "<group>"; };
		CD81A08E1C72B69F00221AEF /* home_unpressed@2x.png */ = {isa = PBXFileReference; lastKnownFileType = image.png; path = "home_unpressed@2x.png"; sourceTree = "<group>"; };
		CD81A08F1C72B69F00221AEF /* home_unpressed@3x.png */ = {isa = PBXFileReference; lastKnownFileType = image.png; path = "home_unpressed@3x.png"; sourceTree = "<group>"; };
		CD81A0901C72B69F00221AEF /* member_pressed@2x.png */ = {isa = PBXFileReference; lastKnownFileType = image.png; path = "member_pressed@2x.png"; sourceTree = "<group>"; };
		CD81A0911C72B69F00221AEF /* member_pressed@3x.png */ = {isa = PBXFileReference; lastKnownFileType = image.png; path = "member_pressed@3x.png"; sourceTree = "<group>"; };
		CD81A0921C72B69F00221AEF /* member_unpressed@2x.png */ = {isa = PBXFileReference; lastKnownFileType = image.png; path = "member_unpressed@2x.png"; sourceTree = "<group>"; };
		CD81A0931C72B69F00221AEF /* member_unpressed@3x.png */ = {isa = PBXFileReference; lastKnownFileType = image.png; path = "member_unpressed@3x.png"; sourceTree = "<group>"; };
		CD81A0941C72B69F00221AEF /* mine_pressed@2x.png */ = {isa = PBXFileReference; lastKnownFileType = image.png; path = "mine_pressed@2x.png"; sourceTree = "<group>"; };
		CD81A0951C72B69F00221AEF /* mine_pressed@3x.png */ = {isa = PBXFileReference; lastKnownFileType = image.png; path = "mine_pressed@3x.png"; sourceTree = "<group>"; };
		CD81A0961C72B69F00221AEF /* mine_unpressed@2x.png */ = {isa = PBXFileReference; lastKnownFileType = image.png; path = "mine_unpressed@2x.png"; sourceTree = "<group>"; };
		CD81A0971C72B69F00221AEF /* mine_unpressed@3x.png */ = {isa = PBXFileReference; lastKnownFileType = image.png; path = "mine_unpressed@3x.png"; sourceTree = "<group>"; };
		D7EBCBAFE4522676A54C0904 /* Pods.release.xcconfig */ = {isa = PBXFileReference; includeInIndex = 1; lastKnownFileType = text.xcconfig; name = Pods.release.xcconfig; path = "Pods/Target Support Files/Pods/Pods.release.xcconfig"; sourceTree = "<group>"; };
/* End PBXFileReference section */

/* Begin PBXFrameworksBuildPhase section */
		CD1D571B1C71BDB700BB30AC /* Frameworks */ = {
			isa = PBXFrameworksBuildPhase;
			buildActionMask = 2147483647;
			files = (
				DF6E82A5586B81344BCBA4C6 /* libPods.a in Frameworks */,
			);
			runOnlyForDeploymentPostprocessing = 0;
		};
		CD1D57371C71BDB800BB30AC /* Frameworks */ = {
			isa = PBXFrameworksBuildPhase;
			buildActionMask = 2147483647;
			files = (
			);
			runOnlyForDeploymentPostprocessing = 0;
		};
		CD1D57421C71BDB800BB30AC /* Frameworks */ = {
			isa = PBXFrameworksBuildPhase;
			buildActionMask = 2147483647;
			files = (
			);
			runOnlyForDeploymentPostprocessing = 0;
		};
/* End PBXFrameworksBuildPhase section */

/* Begin PBXGroup section */
		8BC53963206283428D6956E3 /* Pods */ = {
			isa = PBXGroup;
			children = (
				5209D7976CD92A98E2D1845C /* Pods.debug.xcconfig */,
				D7EBCBAFE4522676A54C0904 /* Pods.release.xcconfig */,
			);
			name = Pods;
			sourceTree = "<group>";
		};
		CD1D57151C71BDB700BB30AC = {
			isa = PBXGroup;
			children = (
				CD81A08A1C72B69F00221AEF /* images */,
				CD5CD0091C71E0EC00B6A34B /* AFRequest */,
				CD7360B51C71C9A800E3971C /* Config */,
				CD1D57201C71BDB700BB30AC /* LincKia */,
				CD1D573D1C71BDB800BB30AC /* LincKiaTests */,
				CD1D57481C71BDB800BB30AC /* LincKiaUITests */,
				CD1D571F1C71BDB700BB30AC /* Products */,
				8BC53963206283428D6956E3 /* Pods */,
				F81859BCEED719930C5348E8 /* Frameworks */,
			);
			sourceTree = "<group>";
		};
		CD1D571F1C71BDB700BB30AC /* Products */ = {
			isa = PBXGroup;
			children = (
				CD1D571E1C71BDB700BB30AC /* LincKia.app */,
				CD1D573A1C71BDB800BB30AC /* LincKiaTests.xctest */,
				CD1D57451C71BDB800BB30AC /* LincKiaUITests.xctest */,
			);
			name = Products;
			sourceTree = "<group>";
		};
		CD1D57201C71BDB700BB30AC /* LincKia */ = {
			isa = PBXGroup;
			children = (
				CD1D57241C71BDB700BB30AC /* AppDelegate.h */,
				CD1D57251C71BDB700BB30AC /* AppDelegate.m */,
				CD1D57271C71BDB700BB30AC /* HomePageViewController.h */,
				CD1D57281C71BDB700BB30AC /* HomePageViewController.m */,
				CD1D572A1C71BDB700BB30AC /* MemberPageViewController.h */,
				CD1D572B1C71BDB700BB30AC /* MemberPageViewController.m */,
				CD65AB391C71C37D00AED0F8 /* MinePageViewController.h */,
				CD65AB3A1C71C37D00AED0F8 /* MinePageViewController.m */,
				CD1D572D1C71BDB700BB30AC /* Main.storyboard */,
				CD1D57301C71BDB700BB30AC /* Assets.xcassets */,
				CD1D57321C71BDB700BB30AC /* LaunchScreen.storyboard */,
				CD1D57351C71BDB700BB30AC /* Info.plist */,
				CD1D57211C71BDB700BB30AC /* Supporting Files */,
			);
			path = LincKia;
			sourceTree = "<group>";
		};
		CD1D57211C71BDB700BB30AC /* Supporting Files */ = {
			isa = PBXGroup;
			children = (
				CD1D57221C71BDB700BB30AC /* main.m */,
				CD7360B41C71C91B00E3971C /* LincKia-Prefix.pch */,
			);
			name = "Supporting Files";
			sourceTree = "<group>";
		};
		CD1D573D1C71BDB800BB30AC /* LincKiaTests */ = {
			isa = PBXGroup;
			children = (
				CD1D573E1C71BDB800BB30AC /* LincKiaTests.m */,
				CD1D57401C71BDB800BB30AC /* Info.plist */,
			);
			path = LincKiaTests;
			sourceTree = "<group>";
		};
		CD1D57481C71BDB800BB30AC /* LincKiaUITests */ = {
			isa = PBXGroup;
			children = (
				CD1D57491C71BDB800BB30AC /* LincKiaUITests.m */,
				CD1D574B1C71BDB800BB30AC /* Info.plist */,
			);
			path = LincKiaUITests;
			sourceTree = "<group>";
		};
		CD5CD0091C71E0EC00B6A34B /* AFRequest */ = {
			isa = PBXGroup;
			children = (
				CD5CD00A1C71E10F00B6A34B /* AFRquest.h */,
				CD5CD00B1C71E10F00B6A34B /* AFRquest.m */,
				CD515AE41C7307A400601CA2 /* RequestFlag.h */,
			);
			path = AFRequest;
			sourceTree = "<group>";
		};
		CD7360B51C71C9A800E3971C /* Config */ = {
			isa = PBXGroup;
			children = (
				CD7360B71C71C9A800E3971C /* CommonUtil.h */,
				CD7360B81C71C9A800E3971C /* CommonUtil.m */,
				CD7360B91C71C9A800E3971C /* CustomTextField.h */,
				CD7360BA1C71C9A800E3971C /* CustomTextField.m */,
				CD7360BC1C71C9A800E3971C /* UITextField+PlaceHolderSetting.h */,
				CD7360BD1C71C9A800E3971C /* UITextField+PlaceHolderSetting.m */,
				CD7360B61C71C9A800E3971C /* CommonDefine.h */,
				CD7360BB1C71C9A800E3971C /* GlobalConfig.h */,
				CD7360C21C71CA5200E3971C /* PBSingleTon.h */,
			);
			path = Config;
			sourceTree = "<group>";
		};
		CD81A08A1C72B69F00221AEF /* images */ = {
			isa = PBXGroup;
			children = (
				CD81A08B1C72B69F00221AEF /* 首页 */,
			);
			path = images;
			sourceTree = "<group>";
		};
		CD81A08B1C72B69F00221AEF /* 首页 */ = {
			isa = PBXGroup;
			children = (
				CD81A08C1C72B69F00221AEF /* home_pressed@2x.png */,
				CD81A08D1C72B69F00221AEF /* home_pressed@3x.png */,
				CD81A08E1C72B69F00221AEF /* home_unpressed@2x.png */,
				CD81A08F1C72B69F00221AEF /* home_unpressed@3x.png */,
				CD81A0901C72B69F00221AEF /* member_pressed@2x.png */,
				CD81A0911C72B69F00221AEF /* member_pressed@3x.png */,
				CD81A0921C72B69F00221AEF /* member_unpressed@2x.png */,
				CD81A0931C72B69F00221AEF /* member_unpressed@3x.png */,
				CD81A0941C72B69F00221AEF /* mine_pressed@2x.png */,
				CD81A0951C72B69F00221AEF /* mine_pressed@3x.png */,
				CD81A0961C72B69F00221AEF /* mine_unpressed@2x.png */,
				CD81A0971C72B69F00221AEF /* mine_unpressed@3x.png */,
			);
			path = "首页";
			sourceTree = "<group>";
		};
		F81859BCEED719930C5348E8 /* Frameworks */ = {
			isa = PBXGroup;
			children = (
				4A87F89A1AD34DBE85390708 /* libPods.a */,
			);
			name = Frameworks;
			sourceTree = "<group>";
		};
/* End PBXGroup section */

/* Begin PBXNativeTarget section */
		CD1D571D1C71BDB700BB30AC /* LincKia */ = {
			isa = PBXNativeTarget;
			buildConfigurationList = CD1D574E1C71BDB800BB30AC /* Build configuration list for PBXNativeTarget "LincKia" */;
			buildPhases = (
				A691341805B1AA1970983343 /* Check Pods Manifest.lock */,
				CD1D571A1C71BDB700BB30AC /* Sources */,
				CD1D571B1C71BDB700BB30AC /* Frameworks */,
				CD1D571C1C71BDB700BB30AC /* Resources */,
				0D2907BDF5BA4A42F8147451 /* Embed Pods Frameworks */,
				AE32F2539BFDCB27DADCEF15 /* Copy Pods Resources */,
			);
			buildRules = (
			);
			dependencies = (
			);
			name = LincKia;
			productName = LincKia;
			productReference = CD1D571E1C71BDB700BB30AC /* LincKia.app */;
			productType = "com.apple.product-type.application";
		};
		CD1D57391C71BDB800BB30AC /* LincKiaTests */ = {
			isa = PBXNativeTarget;
			buildConfigurationList = CD1D57511C71BDB800BB30AC /* Build configuration list for PBXNativeTarget "LincKiaTests" */;
			buildPhases = (
				CD1D57361C71BDB800BB30AC /* Sources */,
				CD1D57371C71BDB800BB30AC /* Frameworks */,
				CD1D57381C71BDB800BB30AC /* Resources */,
			);
			buildRules = (
			);
			dependencies = (
				CD1D573C1C71BDB800BB30AC /* PBXTargetDependency */,
			);
			name = LincKiaTests;
			productName = LincKiaTests;
			productReference = CD1D573A1C71BDB800BB30AC /* LincKiaTests.xctest */;
			productType = "com.apple.product-type.bundle.unit-test";
		};
		CD1D57441C71BDB800BB30AC /* LincKiaUITests */ = {
			isa = PBXNativeTarget;
			buildConfigurationList = CD1D57541C71BDB800BB30AC /* Build configuration list for PBXNativeTarget "LincKiaUITests" */;
			buildPhases = (
				CD1D57411C71BDB800BB30AC /* Sources */,
				CD1D57421C71BDB800BB30AC /* Frameworks */,
				CD1D57431C71BDB800BB30AC /* Resources */,
			);
			buildRules = (
			);
			dependencies = (
				CD1D57471C71BDB800BB30AC /* PBXTargetDependency */,
			);
			name = LincKiaUITests;
			productName = LincKiaUITests;
			productReference = CD1D57451C71BDB800BB30AC /* LincKiaUITests.xctest */;
			productType = "com.apple.product-type.bundle.ui-testing";
		};
/* End PBXNativeTarget section */

/* Begin PBXProject section */
		CD1D57161C71BDB700BB30AC /* Project object */ = {
			isa = PBXProject;
			attributes = {
				LastUpgradeCheck = 0720;
				ORGANIZATIONNAME = Phoebe;
				TargetAttributes = {
					CD1D571D1C71BDB700BB30AC = {
						CreatedOnToolsVersion = 7.2;
					};
					CD1D57391C71BDB800BB30AC = {
						CreatedOnToolsVersion = 7.2;
						TestTargetID = CD1D571D1C71BDB700BB30AC;
					};
					CD1D57441C71BDB800BB30AC = {
						CreatedOnToolsVersion = 7.2;
						TestTargetID = CD1D571D1C71BDB700BB30AC;
					};
				};
			};
			buildConfigurationList = CD1D57191C71BDB700BB30AC /* Build configuration list for PBXProject "LincKia" */;
			compatibilityVersion = "Xcode 3.2";
			developmentRegion = English;
			hasScannedForEncodings = 0;
			knownRegions = (
				en,
				Base,
			);
			mainGroup = CD1D57151C71BDB700BB30AC;
			productRefGroup = CD1D571F1C71BDB700BB30AC /* Products */;
			projectDirPath = "";
			projectRoot = "";
			targets = (
				CD1D571D1C71BDB700BB30AC /* LincKia */,
				CD1D57391C71BDB800BB30AC /* LincKiaTests */,
				CD1D57441C71BDB800BB30AC /* LincKiaUITests */,
			);
		};
/* End PBXProject section */

/* Begin PBXResourcesBuildPhase section */
		CD1D571C1C71BDB700BB30AC /* Resources */ = {
			isa = PBXResourcesBuildPhase;
			buildActionMask = 2147483647;
			files = (
				CD1D57341C71BDB700BB30AC /* LaunchScreen.storyboard in Resources */,
				CD81A0A21C72B69F00221AEF /* mine_unpressed@2x.png in Resources */,
				CD81A09D1C72B69F00221AEF /* member_pressed@3x.png in Resources */,
				CD81A09F1C72B69F00221AEF /* member_unpressed@3x.png in Resources */,
				CD1D57311C71BDB700BB30AC /* Assets.xcassets in Resources */,
				CD81A0991C72B69F00221AEF /* home_pressed@3x.png in Resources */,
				CD81A0981C72B69F00221AEF /* home_pressed@2x.png in Resources */,
				CD1D572F1C71BDB700BB30AC /* Main.storyboard in Resources */,
				CD81A09E1C72B69F00221AEF /* member_unpressed@2x.png in Resources */,
				CD81A09A1C72B69F00221AEF /* home_unpressed@2x.png in Resources */,
				CD81A09B1C72B69F00221AEF /* home_unpressed@3x.png in Resources */,
				CD81A0A01C72B69F00221AEF /* mine_pressed@2x.png in Resources */,
				CD81A09C1C72B69F00221AEF /* member_pressed@2x.png in Resources */,
				CD81A0A31C72B69F00221AEF /* mine_unpressed@3x.png in Resources */,
				CD81A0A11C72B69F00221AEF /* mine_pressed@3x.png in Resources */,
			);
			runOnlyForDeploymentPostprocessing = 0;
		};
		CD1D57381C71BDB800BB30AC /* Resources */ = {
			isa = PBXResourcesBuildPhase;
			buildActionMask = 2147483647;
			files = (
			);
			runOnlyForDeploymentPostprocessing = 0;
		};
		CD1D57431C71BDB800BB30AC /* Resources */ = {
			isa = PBXResourcesBuildPhase;
			buildActionMask = 2147483647;
			files = (
			);
			runOnlyForDeploymentPostprocessing = 0;
		};
/* End PBXResourcesBuildPhase section */

/* Begin PBXShellScriptBuildPhase section */
		0D2907BDF5BA4A42F8147451 /* Embed Pods Frameworks */ = {
			isa = PBXShellScriptBuildPhase;
			buildActionMask = 2147483647;
			files = (
			);
			inputPaths = (
			);
			name = "Embed Pods Frameworks";
			outputPaths = (
			);
			runOnlyForDeploymentPostprocessing = 0;
			shellPath = /bin/sh;
			shellScript = "\"${SRCROOT}/Pods/Target Support Files/Pods/Pods-frameworks.sh\"\n";
			showEnvVarsInLog = 0;
		};
		A691341805B1AA1970983343 /* Check Pods Manifest.lock */ = {
			isa = PBXShellScriptBuildPhase;
			buildActionMask = 2147483647;
			files = (
			);
			inputPaths = (
			);
			name = "Check Pods Manifest.lock";
			outputPaths = (
			);
			runOnlyForDeploymentPostprocessing = 0;
			shellPath = /bin/sh;
			shellScript = "diff \"${PODS_ROOT}/../Podfile.lock\" \"${PODS_ROOT}/Manifest.lock\" > /dev/null\nif [[ $? != 0 ]] ; then\n    cat << EOM\nerror: The sandbox is not in sync with the Podfile.lock. Run 'pod install' or update your CocoaPods installation.\nEOM\n    exit 1\nfi\n";
			showEnvVarsInLog = 0;
		};
		AE32F2539BFDCB27DADCEF15 /* Copy Pods Resources */ = {
			isa = PBXShellScriptBuildPhase;
			buildActionMask = 2147483647;
			files = (
			);
			inputPaths = (
			);
			name = "Copy Pods Resources";
			outputPaths = (
			);
			runOnlyForDeploymentPostprocessing = 0;
			shellPath = /bin/sh;
			shellScript = "\"${SRCROOT}/Pods/Target Support Files/Pods/Pods-resources.sh\"\n";
			showEnvVarsInLog = 0;
		};
/* End PBXShellScriptBuildPhase section */

/* Begin PBXSourcesBuildPhase section */
		CD1D571A1C71BDB700BB30AC /* Sources */ = {
			isa = PBXSourcesBuildPhase;
			buildActionMask = 2147483647;
			files = (
				CD65AB3B1C71C37D00AED0F8 /* MinePageViewController.m in Sources */,
				CD1D572C1C71BDB700BB30AC /* MemberPageViewController.m in Sources */,
				CD1D57261C71BDB700BB30AC /* AppDelegate.m in Sources */,
				CD1D57291C71BDB700BB30AC /* HomePageViewController.m in Sources */,
				CD7360C01C71C9A800E3971C /* UITextField+PlaceHolderSetting.m in Sources */,
				CD7360BF1C71C9A800E3971C /* CustomTextField.m in Sources */,
				CD7360BE1C71C9A800E3971C /* CommonUtil.m in Sources */,
				CD1D57231C71BDB700BB30AC /* main.m in Sources */,
				CD5CD00C1C71E10F00B6A34B /* AFRquest.m in Sources */,
			);
			runOnlyForDeploymentPostprocessing = 0;
		};
		CD1D57361C71BDB800BB30AC /* Sources */ = {
			isa = PBXSourcesBuildPhase;
			buildActionMask = 2147483647;
			files = (
				CD1D573F1C71BDB800BB30AC /* LincKiaTests.m in Sources */,
			);
			runOnlyForDeploymentPostprocessing = 0;
		};
		CD1D57411C71BDB800BB30AC /* Sources */ = {
			isa = PBXSourcesBuildPhase;
			buildActionMask = 2147483647;
			files = (
				CD1D574A1C71BDB800BB30AC /* LincKiaUITests.m in Sources */,
			);
			runOnlyForDeploymentPostprocessing = 0;
		};
/* End PBXSourcesBuildPhase section */

/* Begin PBXTargetDependency section */
		CD1D573C1C71BDB800BB30AC /* PBXTargetDependency */ = {
			isa = PBXTargetDependency;
			target = CD1D571D1C71BDB700BB30AC /* LincKia */;
			targetProxy = CD1D573B1C71BDB800BB30AC /* PBXContainerItemProxy */;
		};
		CD1D57471C71BDB800BB30AC /* PBXTargetDependency */ = {
			isa = PBXTargetDependency;
			target = CD1D571D1C71BDB700BB30AC /* LincKia */;
			targetProxy = CD1D57461C71BDB800BB30AC /* PBXContainerItemProxy */;
		};
/* End PBXTargetDependency section */

/* Begin PBXVariantGroup section */
		CD1D572D1C71BDB700BB30AC /* Main.storyboard */ = {
			isa = PBXVariantGroup;
			children = (
				CD1D572E1C71BDB700BB30AC /* Base */,
			);
			name = Main.storyboard;
			sourceTree = "<group>";
		};
		CD1D57321C71BDB700BB30AC /* LaunchScreen.storyboard */ = {
			isa = PBXVariantGroup;
			children = (
				CD1D57331C71BDB700BB30AC /* Base */,
			);
			name = LaunchScreen.storyboard;
			sourceTree = "<group>";
		};
/* End PBXVariantGroup section */

/* Begin XCBuildConfiguration section */
		CD1D574C1C71BDB800BB30AC /* Debug */ = {
			isa = XCBuildConfiguration;
			buildSettings = {
				ALWAYS_SEARCH_USER_PATHS = NO;
				CLANG_CXX_LANGUAGE_STANDARD = "gnu++0x";
				CLANG_CXX_LIBRARY = "libc++";
				CLANG_ENABLE_MODULES = YES;
				CLANG_ENABLE_OBJC_ARC = YES;
				CLANG_WARN_BOOL_CONVERSION = YES;
				CLANG_WARN_CONSTANT_CONVERSION = YES;
				CLANG_WARN_DIRECT_OBJC_ISA_USAGE = YES_ERROR;
				CLANG_WARN_EMPTY_BODY = YES;
				CLANG_WARN_ENUM_CONVERSION = YES;
				CLANG_WARN_INT_CONVERSION = YES;
				CLANG_WARN_OBJC_ROOT_CLASS = YES_ERROR;
				CLANG_WARN_UNREACHABLE_CODE = YES;
				CLANG_WARN__DUPLICATE_METHOD_MATCH = YES;
				"CODE_SIGN_IDENTITY[sdk=iphoneos*]" = "iPhone Developer";
				COPY_PHASE_STRIP = NO;
				DEBUG_INFORMATION_FORMAT = dwarf;
				ENABLE_STRICT_OBJC_MSGSEND = YES;
				ENABLE_TESTABILITY = YES;
				GCC_C_LANGUAGE_STANDARD = gnu99;
				GCC_DYNAMIC_NO_PIC = NO;
				GCC_NO_COMMON_BLOCKS = YES;
				GCC_OPTIMIZATION_LEVEL = 0;
				GCC_PRECOMPILE_PREFIX_HEADER = YES;
				GCC_PREFIX_HEADER = "$(SRCROOT)/LincKia/LincKia-Prefix.pch";
				GCC_PREPROCESSOR_DEFINITIONS = (
					"DEBUG=1",
					"$(inherited)",
				);
				GCC_WARN_64_TO_32_BIT_CONVERSION = YES;
				GCC_WARN_ABOUT_RETURN_TYPE = YES_ERROR;
				GCC_WARN_UNDECLARED_SELECTOR = YES;
				GCC_WARN_UNINITIALIZED_AUTOS = YES_AGGRESSIVE;
				GCC_WARN_UNUSED_FUNCTION = YES;
				GCC_WARN_UNUSED_VARIABLE = YES;
				IPHONEOS_DEPLOYMENT_TARGET = 7.1;
				MTL_ENABLE_DEBUG_INFO = YES;
				ONLY_ACTIVE_ARCH = YES;
				SDKROOT = iphoneos;
			};
			name = Debug;
		};
		CD1D574D1C71BDB800BB30AC /* Release */ = {
			isa = XCBuildConfiguration;
			buildSettings = {
				ALWAYS_SEARCH_USER_PATHS = NO;
				CLANG_CXX_LANGUAGE_STANDARD = "gnu++0x";
				CLANG_CXX_LIBRARY = "libc++";
				CLANG_ENABLE_MODULES = YES;
				CLANG_ENABLE_OBJC_ARC = YES;
				CLANG_WARN_BOOL_CONVERSION = YES;
				CLANG_WARN_CONSTANT_CONVERSION = YES;
				CLANG_WARN_DIRECT_OBJC_ISA_USAGE = YES_ERROR;
				CLANG_WARN_EMPTY_BODY = YES;
				CLANG_WARN_ENUM_CONVERSION = YES;
				CLANG_WARN_INT_CONVERSION = YES;
				CLANG_WARN_OBJC_ROOT_CLASS = YES_ERROR;
				CLANG_WARN_UNREACHABLE_CODE = YES;
				CLANG_WARN__DUPLICATE_METHOD_MATCH = YES;
				"CODE_SIGN_IDENTITY[sdk=iphoneos*]" = "iPhone Developer";
				COPY_PHASE_STRIP = NO;
				DEBUG_INFORMATION_FORMAT = "dwarf-with-dsym";
				ENABLE_NS_ASSERTIONS = NO;
				ENABLE_STRICT_OBJC_MSGSEND = YES;
				GCC_C_LANGUAGE_STANDARD = gnu99;
				GCC_NO_COMMON_BLOCKS = YES;
				GCC_PRECOMPILE_PREFIX_HEADER = YES;
				GCC_PREFIX_HEADER = "$(SRCROOT)/LincKia/LincKia-Prefix.pch";
				GCC_WARN_64_TO_32_BIT_CONVERSION = YES;
				GCC_WARN_ABOUT_RETURN_TYPE = YES_ERROR;
				GCC_WARN_UNDECLARED_SELECTOR = YES;
				GCC_WARN_UNINITIALIZED_AUTOS = YES_AGGRESSIVE;
				GCC_WARN_UNUSED_FUNCTION = YES;
				GCC_WARN_UNUSED_VARIABLE = YES;
				IPHONEOS_DEPLOYMENT_TARGET = 7.1;
				MTL_ENABLE_DEBUG_INFO = NO;
				SDKROOT = iphoneos;
				VALIDATE_PRODUCT = YES;
			};
			name = Release;
		};
		CD1D574F1C71BDB800BB30AC /* Debug */ = {
			isa = XCBuildConfiguration;
			baseConfigurationReference = 5209D7976CD92A98E2D1845C /* Pods.debug.xcconfig */;
			buildSettings = {
				ASSETCATALOG_COMPILER_APPICON_NAME = AppIcon;
				INFOPLIST_FILE = LincKia/Info.plist;
				IPHONEOS_DEPLOYMENT_TARGET = 7.1;
				LD_RUNPATH_SEARCH_PATHS = "$(inherited) @executable_path/Frameworks";
				PRODUCT_BUNDLE_IDENTIFIER = Sage.LincKia;
				PRODUCT_NAME = "$(TARGET_NAME)";
			};
			name = Debug;
		};
		CD1D57501C71BDB800BB30AC /* Release */ = {
			isa = XCBuildConfiguration;
			baseConfigurationReference = D7EBCBAFE4522676A54C0904 /* Pods.release.xcconfig */;
			buildSettings = {
				ASSETCATALOG_COMPILER_APPICON_NAME = AppIcon;
				INFOPLIST_FILE = LincKia/Info.plist;
				IPHONEOS_DEPLOYMENT_TARGET = 7.1;
				LD_RUNPATH_SEARCH_PATHS = "$(inherited) @executable_path/Frameworks";
				PRODUCT_BUNDLE_IDENTIFIER = Sage.LincKia;
				PRODUCT_NAME = "$(TARGET_NAME)";
			};
			name = Release;
		};
		CD1D57521C71BDB800BB30AC /* Debug */ = {
			isa = XCBuildConfiguration;
			buildSettings = {
				BUNDLE_LOADER = "$(TEST_HOST)";
				INFOPLIST_FILE = LincKiaTests/Info.plist;
				LD_RUNPATH_SEARCH_PATHS = "$(inherited) @executable_path/Frameworks @loader_path/Frameworks";
				PRODUCT_BUNDLE_IDENTIFIER = Sage.LincKiaTests;
				PRODUCT_NAME = "$(TARGET_NAME)";
				TEST_HOST = "$(BUILT_PRODUCTS_DIR)/LincKia.app/LincKia";
			};
			name = Debug;
		};
		CD1D57531C71BDB800BB30AC /* Release */ = {
			isa = XCBuildConfiguration;
			buildSettings = {
				BUNDLE_LOADER = "$(TEST_HOST)";
				INFOPLIST_FILE = LincKiaTests/Info.plist;
				LD_RUNPATH_SEARCH_PATHS = "$(inherited) @executable_path/Frameworks @loader_path/Frameworks";
				PRODUCT_BUNDLE_IDENTIFIER = Sage.LincKiaTests;
				PRODUCT_NAME = "$(TARGET_NAME)";
				TEST_HOST = "$(BUILT_PRODUCTS_DIR)/LincKia.app/LincKia";
			};
			name = Release;
		};
		CD1D57551C71BDB800BB30AC /* Debug */ = {
			isa = XCBuildConfiguration;
			buildSettings = {
				INFOPLIST_FILE = LincKiaUITests/Info.plist;
				LD_RUNPATH_SEARCH_PATHS = "$(inherited) @executable_path/Frameworks @loader_path/Frameworks";
				PRODUCT_BUNDLE_IDENTIFIER = Sage.LincKiaUITests;
				PRODUCT_NAME = "$(TARGET_NAME)";
				TEST_TARGET_NAME = LincKia;
				USES_XCTRUNNER = YES;
			};
			name = Debug;
		};
		CD1D57561C71BDB800BB30AC /* Release */ = {
			isa = XCBuildConfiguration;
			buildSettings = {
				INFOPLIST_FILE = LincKiaUITests/Info.plist;
				LD_RUNPATH_SEARCH_PATHS = "$(inherited) @executable_path/Frameworks @loader_path/Frameworks";
				PRODUCT_BUNDLE_IDENTIFIER = Sage.LincKiaUITests;
				PRODUCT_NAME = "$(TARGET_NAME)";
				TEST_TARGET_NAME = LincKia;
				USES_XCTRUNNER = YES;
			};
			name = Release;
		};
/* End XCBuildConfiguration section */

/* Begin XCConfigurationList section */
		CD1D57191C71BDB700BB30AC /* Build configuration list for PBXProject "LincKia" */ = {
			isa = XCConfigurationList;
			buildConfigurations = (
				CD1D574C1C71BDB800BB30AC /* Debug */,
				CD1D574D1C71BDB800BB30AC /* Release */,
			);
			defaultConfigurationIsVisible = 0;
			defaultConfigurationName = Release;
		};
		CD1D574E1C71BDB800BB30AC /* Build configuration list for PBXNativeTarget "LincKia" */ = {
			isa = XCConfigurationList;
			buildConfigurations = (
				CD1D574F1C71BDB800BB30AC /* Debug */,
				CD1D57501C71BDB800BB30AC /* Release */,
			);
			defaultConfigurationIsVisible = 0;
			defaultConfigurationName = Release;
		};
		CD1D57511C71BDB800BB30AC /* Build configuration list for PBXNativeTarget "LincKiaTests" */ = {
			isa = XCConfigurationList;
			buildConfigurations = (
				CD1D57521C71BDB800BB30AC /* Debug */,
				CD1D57531C71BDB800BB30AC /* Release */,
			);
			defaultConfigurationIsVisible = 0;
			defaultConfigurationName = Release;
		};
		CD1D57541C71BDB800BB30AC /* Build configuration list for PBXNativeTarget "LincKiaUITests" */ = {
			isa = XCConfigurationList;
			buildConfigurations = (
				CD1D57551C71BDB800BB30AC /* Debug */,
				CD1D57561C71BDB800BB30AC /* Release */,
			);
			defaultConfigurationIsVisible = 0;
			defaultConfigurationName = Release;
		};
/* End XCConfigurationList section */
	};
	rootObject = CD1D57161C71BDB700BB30AC /* Project object */;
}
