// !$*UTF8*$!
{
	archiveVersion = 1;
	classes = {
	};
	objectVersion = 46;
	objects = {

/* Begin PBXBuildFile section */
		65B100371C7414DF00AF8283 /* activity_space_pressed@2x.png in Resources */ = {isa = PBXBuildFile; fileRef = 65B100331C7414DF00AF8283 /* activity_space_pressed@2x.png */; };
		65B100381C7414DF00AF8283 /* activity_space_pressed@3x.png in Resources */ = {isa = PBXBuildFile; fileRef = 65B100341C7414DF00AF8283 /* activity_space_pressed@3x.png */; };
		65B100391C7414DF00AF8283 /* activity_space_unpressed@2x.png in Resources */ = {isa = PBXBuildFile; fileRef = 65B100351C7414DF00AF8283 /* activity_space_unpressed@2x.png */; };
		65B1003A1C7414DF00AF8283 /* activity_space_unpressed@3x.png in Resources */ = {isa = PBXBuildFile; fileRef = 65B100361C7414DF00AF8283 /* activity_space_unpressed@3x.png */; };
		65B1003F1C7414F900AF8283 /* enterprise_-service_pressed@2x.png in Resources */ = {isa = PBXBuildFile; fileRef = 65B1003B1C7414F900AF8283 /* enterprise_-service_pressed@2x.png */; };
		65B100401C7414F900AF8283 /* enterprise_-service_pressed@3x.png in Resources */ = {isa = PBXBuildFile; fileRef = 65B1003C1C7414F900AF8283 /* enterprise_-service_pressed@3x.png */; };
		65B100411C7414F900AF8283 /* enterprise_-service_unpressed@2x.png in Resources */ = {isa = PBXBuildFile; fileRef = 65B1003D1C7414F900AF8283 /* enterprise_-service_unpressed@2x.png */; };
		65B100421C7414F900AF8283 /* enterprise_-service_unpressed@3x.png in Resources */ = {isa = PBXBuildFile; fileRef = 65B1003E1C7414F900AF8283 /* enterprise_-service_unpressed@3x.png */; };
		65B100471C74154300AF8283 /* office_community_pressed@2x.png in Resources */ = {isa = PBXBuildFile; fileRef = 65B100431C74154300AF8283 /* office_community_pressed@2x.png */; };
		65B100481C74154300AF8283 /* office_community_pressed@3x.png in Resources */ = {isa = PBXBuildFile; fileRef = 65B100441C74154300AF8283 /* office_community_pressed@3x.png */; };
		65B100491C74154300AF8283 /* office_community_unpressed@2x.png in Resources */ = {isa = PBXBuildFile; fileRef = 65B100451C74154300AF8283 /* office_community_unpressed@2x.png */; };
		65B1004A1C74154300AF8283 /* office_community_unpressed@3x.png in Resources */ = {isa = PBXBuildFile; fileRef = 65B100461C74154300AF8283 /* office_community_unpressed@3x.png */; };
		65B419441C756B7700FA817B /* PBIndustryViewController.m in Sources */ = {isa = PBXBuildFile; fileRef = 65B419421C756B7700FA817B /* PBIndustryViewController.m */; };
		65B419451C756B7700FA817B /* PBIndustryViewController.xib in Resources */ = {isa = PBXBuildFile; fileRef = 65B419431C756B7700FA817B /* PBIndustryViewController.xib */; };
		CD1D57231C71BDB700BB30AC /* main.m in Sources */ = {isa = PBXBuildFile; fileRef = CD1D57221C71BDB700BB30AC /* main.m */; };
		CD1D57261C71BDB700BB30AC /* AppDelegate.m in Sources */ = {isa = PBXBuildFile; fileRef = CD1D57251C71BDB700BB30AC /* AppDelegate.m */; };
		CD1D57291C71BDB700BB30AC /* HomePageViewController.m in Sources */ = {isa = PBXBuildFile; fileRef = CD1D57281C71BDB700BB30AC /* HomePageViewController.m */; };
		CD1D572C1C71BDB700BB30AC /* MemberPageViewController.m in Sources */ = {isa = PBXBuildFile; fileRef = CD1D572B1C71BDB700BB30AC /* MemberPageViewController.m */; };
		CD1D572F1C71BDB700BB30AC /* Main.storyboard in Resources */ = {isa = PBXBuildFile; fileRef = CD1D572D1C71BDB700BB30AC /* Main.storyboard */; };
		CD1D57311C71BDB700BB30AC /* Assets.xcassets in Resources */ = {isa = PBXBuildFile; fileRef = CD1D57301C71BDB700BB30AC /* Assets.xcassets */; };
		CD1D57341C71BDB700BB30AC /* LaunchScreen.storyboard in Resources */ = {isa = PBXBuildFile; fileRef = CD1D57321C71BDB700BB30AC /* LaunchScreen.storyboard */; };
		CD1D573F1C71BDB800BB30AC /* LincKiaTests.m in Sources */ = {isa = PBXBuildFile; fileRef = CD1D573E1C71BDB800BB30AC /* LincKiaTests.m */; };
		CD1D574A1C71BDB800BB30AC /* LincKiaUITests.m in Sources */ = {isa = PBXBuildFile; fileRef = CD1D57491C71BDB800BB30AC /* LincKiaUITests.m */; };
		CD25C7541C74559C00F228E0 /* logo@3x.png in Resources */ = {isa = PBXBuildFile; fileRef = CD25C7451C74559C00F228E0 /* logo@3x.png */; };
		CD25C7561C74559C00F228E0 /* register_button_bg_unpressed@3x.png in Resources */ = {isa = PBXBuildFile; fileRef = CD25C7471C74559C00F228E0 /* register_button_bg_unpressed@3x.png */; };
		CD25C7571C74559C00F228E0 /* register_cellphone@3x.png in Resources */ = {isa = PBXBuildFile; fileRef = CD25C7481C74559C00F228E0 /* register_cellphone@3x.png */; };
		CD25C7581C74559C00F228E0 /* register_content_bg@3x.png in Resources */ = {isa = PBXBuildFile; fileRef = CD25C7491C74559C00F228E0 /* register_content_bg@3x.png */; };
		CD25C7591C74559C00F228E0 /* register_password@3x.png in Resources */ = {isa = PBXBuildFile; fileRef = CD25C74A1C74559C00F228E0 /* register_password@3x.png */; };
		CD25C75A1C74559C00F228E0 /* users_textfield_clicked@3x.png in Resources */ = {isa = PBXBuildFile; fileRef = CD25C74B1C74559C00F228E0 /* users_textfield_clicked@3x.png */; };
		CD25C75B1C74559C00F228E0 /* users_textfield_unclicked@3x.png in Resources */ = {isa = PBXBuildFile; fileRef = CD25C74C1C74559C00F228E0 /* users_textfield_unclicked@3x.png */; };
		CD25C75F1C74567E00F228E0 /* title_back_unpressed@2x.png in Resources */ = {isa = PBXBuildFile; fileRef = CD25C75D1C74567E00F228E0 /* title_back_unpressed@2x.png */; };
		CD25C7601C74567E00F228E0 /* title_back_unpressed@3x.png in Resources */ = {isa = PBXBuildFile; fileRef = CD25C75E1C74567E00F228E0 /* title_back_unpressed@3x.png */; };
		CD25C7631C74570F00F228E0 /* PBButton.m in Sources */ = {isa = PBXBuildFile; fileRef = CD25C7621C74570F00F228E0 /* PBButton.m */; };
		CD45EDE61C76F8DF0042E9A2 /* PBAlert.m in Sources */ = {isa = PBXBuildFile; fileRef = CD45EDE51C76F8DF0042E9A2 /* PBAlert.m */; };
		CD45EDFA1C77115E0042E9A2 /* service_coffee@2x.png in Resources */ = {isa = PBXBuildFile; fileRef = CD45EDE81C77115E0042E9A2 /* service_coffee@2x.png */; };
		CD45EDFB1C77115E0042E9A2 /* service_coffee@3x.png in Resources */ = {isa = PBXBuildFile; fileRef = CD45EDE91C77115E0042E9A2 /* service_coffee@3x.png */; };
		CD45EDFC1C77115E0042E9A2 /* service_mine_organization@2x.png in Resources */ = {isa = PBXBuildFile; fileRef = CD45EDEA1C77115E0042E9A2 /* service_mine_organization@2x.png */; };
		CD45EDFD1C77115E0042E9A2 /* service_mine_organization@3x.png in Resources */ = {isa = PBXBuildFile; fileRef = CD45EDEB1C77115E0042E9A2 /* service_mine_organization@3x.png */; };
		CD45EDFE1C77115E0042E9A2 /* service_mine_wage@2x.png in Resources */ = {isa = PBXBuildFile; fileRef = CD45EDEC1C77115E0042E9A2 /* service_mine_wage@2x.png */; };
		CD45EDFF1C77115E0042E9A2 /* service_mine_wage@3x.png in Resources */ = {isa = PBXBuildFile; fileRef = CD45EDED1C77115E0042E9A2 /* service_mine_wage@3x.png */; };
		CD45EE001C77115E0042E9A2 /* 会议室@2x.png in Resources */ = {isa = PBXBuildFile; fileRef = CD45EDEE1C77115E0042E9A2 /* 会议室@2x.png */; };
		CD45EE011C77115E0042E9A2 /* 会议室@3x.png in Resources */ = {isa = PBXBuildFile; fileRef = CD45EDEF1C77115E0042E9A2 /* 会议室@3x.png */; };
		CD45EE021C77115E0042E9A2 /* 发快递@2x.png in Resources */ = {isa = PBXBuildFile; fileRef = CD45EDF01C77115E0042E9A2 /* 发快递@2x.png */; };
		CD45EE031C77115E0042E9A2 /* 发快递@3x.png in Resources */ = {isa = PBXBuildFile; fileRef = CD45EDF11C77115E0042E9A2 /* 发快递@3x.png */; };
		CD45EE041C77115E0042E9A2 /* 开门@2x.png in Resources */ = {isa = PBXBuildFile; fileRef = CD45EDF21C77115E0042E9A2 /* 开门@2x.png */; };
		CD45EE051C77115E0042E9A2 /* 开门@3x.png in Resources */ = {isa = PBXBuildFile; fileRef = CD45EDF31C77115E0042E9A2 /* 开门@3x.png */; };
		CD45EE061C77115E0042E9A2 /* 快递查询@2x.png in Resources */ = {isa = PBXBuildFile; fileRef = CD45EDF41C77115E0042E9A2 /* 快递查询@2x.png */; };
		CD45EE071C77115E0042E9A2 /* 快递查询@3x.png in Resources */ = {isa = PBXBuildFile; fileRef = CD45EDF51C77115E0042E9A2 /* 快递查询@3x.png */; };
		CD45EE081C77115E0042E9A2 /* 滴滴出行@2x.png in Resources */ = {isa = PBXBuildFile; fileRef = CD45EDF61C77115E0042E9A2 /* 滴滴出行@2x.png */; };
		CD45EE091C77115E0042E9A2 /* 滴滴出行@3x.png in Resources */ = {isa = PBXBuildFile; fileRef = CD45EDF71C77115E0042E9A2 /* 滴滴出行@3x.png */; };
		CD45EE0A1C77115E0042E9A2 /* 环境监测@2x.png in Resources */ = {isa = PBXBuildFile; fileRef = CD45EDF81C77115E0042E9A2 /* 环境监测@2x.png */; };
		CD45EE0B1C77115E0042E9A2 /* 环境监测@3x.png in Resources */ = {isa = PBXBuildFile; fileRef = CD45EDF91C77115E0042E9A2 /* 环境监测@3x.png */; };
		CD5CD00C1C71E10F00B6A34B /* AFRquest.m in Sources */ = {isa = PBXBuildFile; fileRef = CD5CD00B1C71E10F00B6A34B /* AFRquest.m */; };
		CD65AB3B1C71C37D00AED0F8 /* MinePageViewController.m in Sources */ = {isa = PBXBuildFile; fileRef = CD65AB3A1C71C37D00AED0F8 /* MinePageViewController.m */; };
		CD69448D1C75AD9D00E04081 /* LoginViewController.m in Sources */ = {isa = PBXBuildFile; fileRef = CD69448C1C75AD9D00E04081 /* LoginViewController.m */; };
		CD6944E91C75BDE500E04081 /* MemberCollectionViewCell.m in Sources */ = {isa = PBXBuildFile; fileRef = CD6944DF1C75BDE500E04081 /* MemberCollectionViewCell.m */; };
		CD6944EA1C75BDE500E04081 /* PBADBannerCellTableViewCell.m in Sources */ = {isa = PBXBuildFile; fileRef = CD6944E11C75BDE500E04081 /* PBADBannerCellTableViewCell.m */; };
		CD6944EB1C75BDE500E04081 /* PBADBannerCellTableViewCell.xib in Resources */ = {isa = PBXBuildFile; fileRef = CD6944E21C75BDE500E04081 /* PBADBannerCellTableViewCell.xib */; };
		CD6944EC1C75BDE500E04081 /* PBButtonChooseCell.m in Sources */ = {isa = PBXBuildFile; fileRef = CD6944E41C75BDE500E04081 /* PBButtonChooseCell.m */; };
		CD6944ED1C75BDE500E04081 /* PBButtonChooseCell.xib in Resources */ = {isa = PBXBuildFile; fileRef = CD6944E51C75BDE500E04081 /* PBButtonChooseCell.xib */; };
		CD6944EE1C75BDE500E04081 /* ZZSpaceRecommendCellTableViewCell.m in Sources */ = {isa = PBXBuildFile; fileRef = CD6944E71C75BDE500E04081 /* ZZSpaceRecommendCellTableViewCell.m */; };
		CD6944EF1C75BDE500E04081 /* ZZSpaceRecommendCellTableViewCell.xib in Resources */ = {isa = PBXBuildFile; fileRef = CD6944E81C75BDE500E04081 /* ZZSpaceRecommendCellTableViewCell.xib */; };
		CD6944FD1C75C89600E04081 /* PBDoubleTableViewCell.m in Sources */ = {isa = PBXBuildFile; fileRef = CD6944F21C75C89600E04081 /* PBDoubleTableViewCell.m */; };
		CD6944FE1C75C89600E04081 /* PBDoubleTableViewCell.xib in Resources */ = {isa = PBXBuildFile; fileRef = CD6944F31C75C89600E04081 /* PBDoubleTableViewCell.xib */; };
		CD6944FF1C75C89600E04081 /* PBMineTableViewHeadCellTableViewCell.m in Sources */ = {isa = PBXBuildFile; fileRef = CD6944F51C75C89600E04081 /* PBMineTableViewHeadCellTableViewCell.m */; };
		CD6945001C75C89600E04081 /* PBMineTableViewHeadCellTableViewCell.xib in Resources */ = {isa = PBXBuildFile; fileRef = CD6944F61C75C89600E04081 /* PBMineTableViewHeadCellTableViewCell.xib */; };
		CD6945011C75C89600E04081 /* PBMineTableViewSecondCell.m in Sources */ = {isa = PBXBuildFile; fileRef = CD6944F81C75C89600E04081 /* PBMineTableViewSecondCell.m */; };
		CD6945021C75C89600E04081 /* PBMineTableViewSecondCell.xib in Resources */ = {isa = PBXBuildFile; fileRef = CD6944F91C75C89600E04081 /* PBMineTableViewSecondCell.xib */; };
		CD6945031C75C89600E04081 /* PBMineTableViewSingleLineCell.m in Sources */ = {isa = PBXBuildFile; fileRef = CD6944FB1C75C89600E04081 /* PBMineTableViewSingleLineCell.m */; };
		CD6945041C75C89600E04081 /* PBMineTableViewSingleLineCell.xib in Resources */ = {isa = PBXBuildFile; fileRef = CD6944FC1C75C89600E04081 /* PBMineTableViewSingleLineCell.xib */; };
		CD6945251C75C8C000E04081 /* mine_account_number@2x.png in Resources */ = {isa = PBXBuildFile; fileRef = CD6945081C75C8C000E04081 /* mine_account_number@2x.png */; };
		CD6945261C75C8C000E04081 /* mine_account_number@3x.png in Resources */ = {isa = PBXBuildFile; fileRef = CD6945091C75C8C000E04081 /* mine_account_number@3x.png */; };
		CD6945271C75C8C000E04081 /* mine_appointment_visit.png in Resources */ = {isa = PBXBuildFile; fileRef = CD69450A1C75C8C000E04081 /* mine_appointment_visit.png */; };
		CD6945281C75C8C000E04081 /* mine_appointment_visit@2x.png in Resources */ = {isa = PBXBuildFile; fileRef = CD69450B1C75C8C000E04081 /* mine_appointment_visit@2x.png */; };
		CD6945291C75C8C000E04081 /* mine_bg@2x.png in Resources */ = {isa = PBXBuildFile; fileRef = CD69450C1C75C8C000E04081 /* mine_bg@2x.png */; };
		CD69452A1C75C8C000E04081 /* mine_bg@3x.png in Resources */ = {isa = PBXBuildFile; fileRef = CD69450D1C75C8C000E04081 /* mine_bg@3x.png */; };
		CD69452B1C75C8C000E04081 /* mine_card@2x.png in Resources */ = {isa = PBXBuildFile; fileRef = CD69450E1C75C8C000E04081 /* mine_card@2x.png */; };
		CD69452C1C75C8C000E04081 /* mine_card@3x.png in Resources */ = {isa = PBXBuildFile; fileRef = CD69450F1C75C8C000E04081 /* mine_card@3x.png */; };
		CD69452D1C75C8C000E04081 /* mine_coffice@2x.png in Resources */ = {isa = PBXBuildFile; fileRef = CD6945101C75C8C000E04081 /* mine_coffice@2x.png */; };
		CD69452E1C75C8C000E04081 /* mine_coffice@3x.png in Resources */ = {isa = PBXBuildFile; fileRef = CD6945111C75C8C000E04081 /* mine_coffice@3x.png */; };
		CD69452F1C75C8C000E04081 /* mine_customer_service_center@2x.png in Resources */ = {isa = PBXBuildFile; fileRef = CD6945121C75C8C000E04081 /* mine_customer_service_center@2x.png */; };
		CD6945301C75C8C000E04081 /* mine_customer_service_center@3x.png in Resources */ = {isa = PBXBuildFile; fileRef = CD6945131C75C8C000E04081 /* mine_customer_service_center@3x.png */; };
		CD6945311C75C8C000E04081 /* mine_headphoto_example.png in Resources */ = {isa = PBXBuildFile; fileRef = CD6945141C75C8C000E04081 /* mine_headphoto_example.png */; };
		CD6945321C75C8C000E04081 /* mine_help@2x.png in Resources */ = {isa = PBXBuildFile; fileRef = CD6945151C75C8C000E04081 /* mine_help@2x.png */; };
		CD6945331C75C8C000E04081 /* mine_help@3x.png in Resources */ = {isa = PBXBuildFile; fileRef = CD6945161C75C8C000E04081 /* mine_help@3x.png */; };
		CD6945341C75C8C000E04081 /* mine_online_orientation@2x.png in Resources */ = {isa = PBXBuildFile; fileRef = CD6945171C75C8C000E04081 /* mine_online_orientation@2x.png */; };
		CD6945351C75C8C000E04081 /* mine_online_orientation@3x.png in Resources */ = {isa = PBXBuildFile; fileRef = CD6945181C75C8C000E04081 /* mine_online_orientation@3x.png */; };
		CD6945361C75C8C000E04081 /* mine_pay@2x.png in Resources */ = {isa = PBXBuildFile; fileRef = CD6945191C75C8C000E04081 /* mine_pay@2x.png */; };
		CD6945371C75C8C000E04081 /* mine_pay@3x.png in Resources */ = {isa = PBXBuildFile; fileRef = CD69451A1C75C8C000E04081 /* mine_pay@3x.png */; };
		CD6945381C75C8C000E04081 /* mine_resume@2x.png in Resources */ = {isa = PBXBuildFile; fileRef = CD69451B1C75C8C000E04081 /* mine_resume@2x.png */; };
		CD6945391C75C8C000E04081 /* mine_resume@3x.png in Resources */ = {isa = PBXBuildFile; fileRef = CD69451C1C75C8C000E04081 /* mine_resume@3x.png */; };
		CD69453A1C75C8C000E04081 /* mine_review@2x.png in Resources */ = {isa = PBXBuildFile; fileRef = CD69451D1C75C8C000E04081 /* mine_review@2x.png */; };
		CD69453B1C75C8C000E04081 /* mine_review@3x.png in Resources */ = {isa = PBXBuildFile; fileRef = CD69451E1C75C8C000E04081 /* mine_review@3x.png */; };
		CD69453C1C75C8C000E04081 /* mine_service@2x.png in Resources */ = {isa = PBXBuildFile; fileRef = CD69451F1C75C8C000E04081 /* mine_service@2x.png */; };
		CD69453D1C75C8C000E04081 /* mine_service@3x.png in Resources */ = {isa = PBXBuildFile; fileRef = CD6945201C75C8C000E04081 /* mine_service@3x.png */; };
		CD69453E1C75C8C000E04081 /* mine_set_up@2x.png in Resources */ = {isa = PBXBuildFile; fileRef = CD6945211C75C8C000E04081 /* mine_set_up@2x.png */; };
		CD69453F1C75C8C000E04081 /* mine_set_up@3x.png in Resources */ = {isa = PBXBuildFile; fileRef = CD6945221C75C8C000E04081 /* mine_set_up@3x.png */; };
		CD6945421C75C90C00E04081 /* line@2x.png in Resources */ = {isa = PBXBuildFile; fileRef = CD6945401C75C90C00E04081 /* line@2x.png */; };
		CD6945431C75C90C00E04081 /* line@3x.png in Resources */ = {isa = PBXBuildFile; fileRef = CD6945411C75C90C00E04081 /* line@3x.png */; };
		CD6945451C75C96900E04081 /* push_arrow@2x.png in Resources */ = {isa = PBXBuildFile; fileRef = CD6945441C75C96900E04081 /* push_arrow@2x.png */; };
		CD6945471C75C98100E04081 /* push_arrow@3x.png in Resources */ = {isa = PBXBuildFile; fileRef = CD6945461C75C98100E04081 /* push_arrow@3x.png */; };
		CD69454B1C75CC5600E04081 /* headphoto_defaluted@2x.png in Resources */ = {isa = PBXBuildFile; fileRef = CD6945481C75CC5600E04081 /* headphoto_defaluted@2x.png */; };
		CD69454C1C75CC5600E04081 /* hint@2x.png in Resources */ = {isa = PBXBuildFile; fileRef = CD6945491C75CC5600E04081 /* hint@2x.png */; };
		CD69454D1C75CC5600E04081 /* hint@3x.png in Resources */ = {isa = PBXBuildFile; fileRef = CD69454A1C75CC5600E04081 /* hint@3x.png */; };
		CD69454F1C75CC6600E04081 /* headphoto_defaluted@3x.png in Resources */ = {isa = PBXBuildFile; fileRef = CD69454E1C75CC6600E04081 /* headphoto_defaluted@3x.png */; };
		CD7360BE1C71C9A800E3971C /* CommonUtil.m in Sources */ = {isa = PBXBuildFile; fileRef = CD7360B81C71C9A800E3971C /* CommonUtil.m */; };
		CD7360BF1C71C9A800E3971C /* CustomTextField.m in Sources */ = {isa = PBXBuildFile; fileRef = CD7360BA1C71C9A800E3971C /* CustomTextField.m */; };
		CD7360C01C71C9A800E3971C /* UITextField+PlaceHolderSetting.m in Sources */ = {isa = PBXBuildFile; fileRef = CD7360BD1C71C9A800E3971C /* UITextField+PlaceHolderSetting.m */; };
		CD81A0981C72B69F00221AEF /* home_pressed@2x.png in Resources */ = {isa = PBXBuildFile; fileRef = CD81A08C1C72B69F00221AEF /* home_pressed@2x.png */; };
		CD81A0991C72B69F00221AEF /* home_pressed@3x.png in Resources */ = {isa = PBXBuildFile; fileRef = CD81A08D1C72B69F00221AEF /* home_pressed@3x.png */; };
		CD81A09A1C72B69F00221AEF /* home_unpressed@2x.png in Resources */ = {isa = PBXBuildFile; fileRef = CD81A08E1C72B69F00221AEF /* home_unpressed@2x.png */; };
		CD81A09B1C72B69F00221AEF /* home_unpressed@3x.png in Resources */ = {isa = PBXBuildFile; fileRef = CD81A08F1C72B69F00221AEF /* home_unpressed@3x.png */; };
		CD81A09C1C72B69F00221AEF /* member_pressed@2x.png in Resources */ = {isa = PBXBuildFile; fileRef = CD81A0901C72B69F00221AEF /* member_pressed@2x.png */; };
		CD81A09D1C72B69F00221AEF /* member_pressed@3x.png in Resources */ = {isa = PBXBuildFile; fileRef = CD81A0911C72B69F00221AEF /* member_pressed@3x.png */; };
		CD81A09E1C72B69F00221AEF /* member_unpressed@2x.png in Resources */ = {isa = PBXBuildFile; fileRef = CD81A0921C72B69F00221AEF /* member_unpressed@2x.png */; };
		CD81A09F1C72B69F00221AEF /* member_unpressed@3x.png in Resources */ = {isa = PBXBuildFile; fileRef = CD81A0931C72B69F00221AEF /* member_unpressed@3x.png */; };
		CD81A0A01C72B69F00221AEF /* mine_pressed@2x.png in Resources */ = {isa = PBXBuildFile; fileRef = CD81A0941C72B69F00221AEF /* mine_pressed@2x.png */; };
		CD81A0A11C72B69F00221AEF /* mine_pressed@3x.png in Resources */ = {isa = PBXBuildFile; fileRef = CD81A0951C72B69F00221AEF /* mine_pressed@3x.png */; };
		CD81A0A21C72B69F00221AEF /* mine_unpressed@2x.png in Resources */ = {isa = PBXBuildFile; fileRef = CD81A0961C72B69F00221AEF /* mine_unpressed@2x.png */; };
		CD81A0A31C72B69F00221AEF /* mine_unpressed@3x.png in Resources */ = {isa = PBXBuildFile; fileRef = CD81A0971C72B69F00221AEF /* mine_unpressed@3x.png */; };
		CD8637AB1C7567950090AD7E /* welcome@2x.png in Resources */ = {isa = PBXBuildFile; fileRef = CD8637A91C7567950090AD7E /* welcome@2x.png */; };
		CD8637AC1C7567950090AD7E /* welcome@3x.png in Resources */ = {isa = PBXBuildFile; fileRef = CD8637AA1C7567950090AD7E /* welcome@3x.png */; };
		DF6E82A5586B81344BCBA4C6 /* libPods.a in Frameworks */ = {isa = PBXBuildFile; fileRef = 4A87F89A1AD34DBE85390708 /* libPods.a */; };
/* End PBXBuildFile section */

/* Begin PBXContainerItemProxy section */
		CD1D573B1C71BDB800BB30AC /* PBXContainerItemProxy */ = {
			isa = PBXContainerItemProxy;
			containerPortal = CD1D57161C71BDB700BB30AC /* Project object */;
			proxyType = 1;
			remoteGlobalIDString = CD1D571D1C71BDB700BB30AC;
			remoteInfo = LincKia;
		};
		CD1D57461C71BDB800BB30AC /* PBXContainerItemProxy */ = {
			isa = PBXContainerItemProxy;
			containerPortal = CD1D57161C71BDB700BB30AC /* Project object */;
			proxyType = 1;
			remoteGlobalIDString = CD1D571D1C71BDB700BB30AC;
			remoteInfo = LincKia;
		};
/* End PBXContainerItemProxy section */

/* Begin PBXFileReference section */
		4A87F89A1AD34DBE85390708 /* libPods.a */ = {isa = PBXFileReference; explicitFileType = archive.ar; includeInIndex = 0; path = libPods.a; sourceTree = BUILT_PRODUCTS_DIR; };
		5209D7976CD92A98E2D1845C /* Pods.debug.xcconfig */ = {isa = PBXFileReference; includeInIndex = 1; lastKnownFileType = text.xcconfig; name = Pods.debug.xcconfig; path = "Pods/Target Support Files/Pods/Pods.debug.xcconfig"; sourceTree = "<group>"; };
		65B100331C7414DF00AF8283 /* activity_space_pressed@2x.png */ = {isa = PBXFileReference; lastKnownFileType = image.png; path = "activity_space_pressed@2x.png"; sourceTree = "<group>"; };
		65B100341C7414DF00AF8283 /* activity_space_pressed@3x.png */ = {isa = PBXFileReference; lastKnownFileType = image.png; path = "activity_space_pressed@3x.png"; sourceTree = "<group>"; };
		65B100351C7414DF00AF8283 /* activity_space_unpressed@2x.png */ = {isa = PBXFileReference; lastKnownFileType = image.png; path = "activity_space_unpressed@2x.png"; sourceTree = "<group>"; };
		65B100361C7414DF00AF8283 /* activity_space_unpressed@3x.png */ = {isa = PBXFileReference; lastKnownFileType = image.png; path = "activity_space_unpressed@3x.png"; sourceTree = "<group>"; };
		65B1003B1C7414F900AF8283 /* enterprise_-service_pressed@2x.png */ = {isa = PBXFileReference; lastKnownFileType = image.png; path = "enterprise_-service_pressed@2x.png"; sourceTree = "<group>"; };
		65B1003C1C7414F900AF8283 /* enterprise_-service_pressed@3x.png */ = {isa = PBXFileReference; lastKnownFileType = image.png; path = "enterprise_-service_pressed@3x.png"; sourceTree = "<group>"; };
		65B1003D1C7414F900AF8283 /* enterprise_-service_unpressed@2x.png */ = {isa = PBXFileReference; lastKnownFileType = image.png; path = "enterprise_-service_unpressed@2x.png"; sourceTree = "<group>"; };
		65B1003E1C7414F900AF8283 /* enterprise_-service_unpressed@3x.png */ = {isa = PBXFileReference; lastKnownFileType = image.png; path = "enterprise_-service_unpressed@3x.png"; sourceTree = "<group>"; };
		65B100431C74154300AF8283 /* office_community_pressed@2x.png */ = {isa = PBXFileReference; lastKnownFileType = image.png; path = "office_community_pressed@2x.png"; sourceTree = "<group>"; };
		65B100441C74154300AF8283 /* office_community_pressed@3x.png */ = {isa = PBXFileReference; lastKnownFileType = image.png; path = "office_community_pressed@3x.png"; sourceTree = "<group>"; };
		65B100451C74154300AF8283 /* office_community_unpressed@2x.png */ = {isa = PBXFileReference; lastKnownFileType = image.png; path = "office_community_unpressed@2x.png"; sourceTree = "<group>"; };
		65B100461C74154300AF8283 /* office_community_unpressed@3x.png */ = {isa = PBXFileReference; lastKnownFileType = image.png; path = "office_community_unpressed@3x.png"; sourceTree = "<group>"; };
		65B419411C756B7700FA817B /* PBIndustryViewController.h */ = {isa = PBXFileReference; fileEncoding = 4; lastKnownFileType = sourcecode.c.h; path = PBIndustryViewController.h; sourceTree = "<group>"; };
		65B419421C756B7700FA817B /* PBIndustryViewController.m */ = {isa = PBXFileReference; fileEncoding = 4; lastKnownFileType = sourcecode.c.objc; path = PBIndustryViewController.m; sourceTree = "<group>"; };
		65B419431C756B7700FA817B /* PBIndustryViewController.xib */ = {isa = PBXFileReference; fileEncoding = 4; lastKnownFileType = file.xib; path = PBIndustryViewController.xib; sourceTree = "<group>"; };
		CD1D571E1C71BDB700BB30AC /* LincKia.app */ = {isa = PBXFileReference; explicitFileType = wrapper.application; includeInIndex = 0; path = LincKia.app; sourceTree = BUILT_PRODUCTS_DIR; };
		CD1D57221C71BDB700BB30AC /* main.m */ = {isa = PBXFileReference; lastKnownFileType = sourcecode.c.objc; path = main.m; sourceTree = "<group>"; };
		CD1D57241C71BDB700BB30AC /* AppDelegate.h */ = {isa = PBXFileReference; lastKnownFileType = sourcecode.c.h; path = AppDelegate.h; sourceTree = "<group>"; };
		CD1D57251C71BDB700BB30AC /* AppDelegate.m */ = {isa = PBXFileReference; lastKnownFileType = sourcecode.c.objc; path = AppDelegate.m; sourceTree = "<group>"; };
		CD1D57271C71BDB700BB30AC /* HomePageViewController.h */ = {isa = PBXFileReference; lastKnownFileType = sourcecode.c.h; path = HomePageViewController.h; sourceTree = "<group>"; };
		CD1D57281C71BDB700BB30AC /* HomePageViewController.m */ = {isa = PBXFileReference; lastKnownFileType = sourcecode.c.objc; path = HomePageViewController.m; sourceTree = "<group>"; };
		CD1D572A1C71BDB700BB30AC /* MemberPageViewController.h */ = {isa = PBXFileReference; lastKnownFileType = sourcecode.c.h; path = MemberPageViewController.h; sourceTree = "<group>"; };
		CD1D572B1C71BDB700BB30AC /* MemberPageViewController.m */ = {isa = PBXFileReference; lastKnownFileType = sourcecode.c.objc; path = MemberPageViewController.m; sourceTree = "<group>"; };
		CD1D572E1C71BDB700BB30AC /* Base */ = {isa = PBXFileReference; lastKnownFileType = file.storyboard; name = Base; path = Base.lproj/Main.storyboard; sourceTree = "<group>"; };
		CD1D57301C71BDB700BB30AC /* Assets.xcassets */ = {isa = PBXFileReference; lastKnownFileType = folder.assetcatalog; path = Assets.xcassets; sourceTree = "<group>"; };
		CD1D57331C71BDB700BB30AC /* Base */ = {isa = PBXFileReference; lastKnownFileType = file.storyboard; name = Base; path = Base.lproj/LaunchScreen.storyboard; sourceTree = "<group>"; };
		CD1D57351C71BDB700BB30AC /* Info.plist */ = {isa = PBXFileReference; lastKnownFileType = text.plist.xml; path = Info.plist; sourceTree = "<group>"; };
		CD1D573A1C71BDB800BB30AC /* LincKiaTests.xctest */ = {isa = PBXFileReference; explicitFileType = wrapper.cfbundle; includeInIndex = 0; path = LincKiaTests.xctest; sourceTree = BUILT_PRODUCTS_DIR; };
		CD1D573E1C71BDB800BB30AC /* LincKiaTests.m */ = {isa = PBXFileReference; lastKnownFileType = sourcecode.c.objc; path = LincKiaTests.m; sourceTree = "<group>"; };
		CD1D57401C71BDB800BB30AC /* Info.plist */ = {isa = PBXFileReference; lastKnownFileType = text.plist.xml; path = Info.plist; sourceTree = "<group>"; };
		CD1D57451C71BDB800BB30AC /* LincKiaUITests.xctest */ = {isa = PBXFileReference; explicitFileType = wrapper.cfbundle; includeInIndex = 0; path = LincKiaUITests.xctest; sourceTree = BUILT_PRODUCTS_DIR; };
		CD1D57491C71BDB800BB30AC /* LincKiaUITests.m */ = {isa = PBXFileReference; lastKnownFileType = sourcecode.c.objc; path = LincKiaUITests.m; sourceTree = "<group>"; };
		CD1D574B1C71BDB800BB30AC /* Info.plist */ = {isa = PBXFileReference; lastKnownFileType = text.plist.xml; path = Info.plist; sourceTree = "<group>"; };
		CD25C7451C74559C00F228E0 /* logo@3x.png */ = {isa = PBXFileReference; lastKnownFileType = image.png; path = "logo@3x.png"; sourceTree = "<group>"; };
		CD25C7471C74559C00F228E0 /* register_button_bg_unpressed@3x.png */ = {isa = PBXFileReference; lastKnownFileType = image.png; path = "register_button_bg_unpressed@3x.png"; sourceTree = "<group>"; };
		CD25C7481C74559C00F228E0 /* register_cellphone@3x.png */ = {isa = PBXFileReference; lastKnownFileType = image.png; path = "register_cellphone@3x.png"; sourceTree = "<group>"; };
		CD25C7491C74559C00F228E0 /* register_content_bg@3x.png */ = {isa = PBXFileReference; lastKnownFileType = image.png; path = "register_content_bg@3x.png"; sourceTree = "<group>"; };
		CD25C74A1C74559C00F228E0 /* register_password@3x.png */ = {isa = PBXFileReference; lastKnownFileType = image.png; path = "register_password@3x.png"; sourceTree = "<group>"; };
		CD25C74B1C74559C00F228E0 /* users_textfield_clicked@3x.png */ = {isa = PBXFileReference; lastKnownFileType = image.png; path = "users_textfield_clicked@3x.png"; sourceTree = "<group>"; };
		CD25C74C1C74559C00F228E0 /* users_textfield_unclicked@3x.png */ = {isa = PBXFileReference; lastKnownFileType = image.png; path = "users_textfield_unclicked@3x.png"; sourceTree = "<group>"; };
		CD25C75D1C74567E00F228E0 /* title_back_unpressed@2x.png */ = {isa = PBXFileReference; lastKnownFileType = image.png; path = "title_back_unpressed@2x.png"; sourceTree = "<group>"; };
		CD25C75E1C74567E00F228E0 /* title_back_unpressed@3x.png */ = {isa = PBXFileReference; lastKnownFileType = image.png; path = "title_back_unpressed@3x.png"; sourceTree = "<group>"; };
		CD25C7611C74570F00F228E0 /* PBButton.h */ = {isa = PBXFileReference; fileEncoding = 4; lastKnownFileType = sourcecode.c.h; path = PBButton.h; sourceTree = "<group>"; };
		CD25C7621C74570F00F228E0 /* PBButton.m */ = {isa = PBXFileReference; fileEncoding = 4; lastKnownFileType = sourcecode.c.objc; path = PBButton.m; sourceTree = "<group>"; };
		CD45EDE41C76F8DF0042E9A2 /* PBAlert.h */ = {isa = PBXFileReference; fileEncoding = 4; lastKnownFileType = sourcecode.c.h; path = PBAlert.h; sourceTree = "<group>"; };
		CD45EDE51C76F8DF0042E9A2 /* PBAlert.m */ = {isa = PBXFileReference; fileEncoding = 4; lastKnownFileType = sourcecode.c.objc; path = PBAlert.m; sourceTree = "<group>"; };
		CD45EDE81C77115E0042E9A2 /* service_coffee@2x.png */ = {isa = PBXFileReference; lastKnownFileType = image.png; path = "service_coffee@2x.png"; sourceTree = "<group>"; };
		CD45EDE91C77115E0042E9A2 /* service_coffee@3x.png */ = {isa = PBXFileReference; lastKnownFileType = image.png; path = "service_coffee@3x.png"; sourceTree = "<group>"; };
		CD45EDEA1C77115E0042E9A2 /* service_mine_organization@2x.png */ = {isa = PBXFileReference; lastKnownFileType = image.png; path = "service_mine_organization@2x.png"; sourceTree = "<group>"; };
		CD45EDEB1C77115E0042E9A2 /* service_mine_organization@3x.png */ = {isa = PBXFileReference; lastKnownFileType = image.png; path = "service_mine_organization@3x.png"; sourceTree = "<group>"; };
		CD45EDEC1C77115E0042E9A2 /* service_mine_wage@2x.png */ = {isa = PBXFileReference; lastKnownFileType = image.png; path = "service_mine_wage@2x.png"; sourceTree = "<group>"; };
		CD45EDED1C77115E0042E9A2 /* service_mine_wage@3x.png */ = {isa = PBXFileReference; lastKnownFileType = image.png; path = "service_mine_wage@3x.png"; sourceTree = "<group>"; };
		CD45EDEE1C77115E0042E9A2 /* 会议室@2x.png */ = {isa = PBXFileReference; lastKnownFileType = image.png; path = "会议室@2x.png"; sourceTree = "<group>"; };
		CD45EDEF1C77115E0042E9A2 /* 会议室@3x.png */ = {isa = PBXFileReference; lastKnownFileType = image.png; path = "会议室@3x.png"; sourceTree = "<group>"; };
		CD45EDF01C77115E0042E9A2 /* 发快递@2x.png */ = {isa = PBXFileReference; lastKnownFileType = image.png; path = "发快递@2x.png"; sourceTree = "<group>"; };
		CD45EDF11C77115E0042E9A2 /* 发快递@3x.png */ = {isa = PBXFileReference; lastKnownFileType = image.png; path = "发快递@3x.png"; sourceTree = "<group>"; };
		CD45EDF21C77115E0042E9A2 /* 开门@2x.png */ = {isa = PBXFileReference; lastKnownFileType = image.png; path = "开门@2x.png"; sourceTree = "<group>"; };
		CD45EDF31C77115E0042E9A2 /* 开门@3x.png */ = {isa = PBXFileReference; lastKnownFileType = image.png; path = "开门@3x.png"; sourceTree = "<group>"; };
		CD45EDF41C77115E0042E9A2 /* 快递查询@2x.png */ = {isa = PBXFileReference; lastKnownFileType = image.png; path = "快递查询@2x.png"; sourceTree = "<group>"; };
		CD45EDF51C77115E0042E9A2 /* 快递查询@3x.png */ = {isa = PBXFileReference; lastKnownFileType = image.png; path = "快递查询@3x.png"; sourceTree = "<group>"; };
		CD45EDF61C77115E0042E9A2 /* 滴滴出行@2x.png */ = {isa = PBXFileReference; lastKnownFileType = image.png; path = "滴滴出行@2x.png"; sourceTree = "<group>"; };
		CD45EDF71C77115E0042E9A2 /* 滴滴出行@3x.png */ = {isa = PBXFileReference; lastKnownFileType = image.png; path = "滴滴出行@3x.png"; sourceTree = "<group>"; };
		CD45EDF81C77115E0042E9A2 /* 环境监测@2x.png */ = {isa = PBXFileReference; lastKnownFileType = image.png; path = "环境监测@2x.png"; sourceTree = "<group>"; };
		CD45EDF91C77115E0042E9A2 /* 环境监测@3x.png */ = {isa = PBXFileReference; lastKnownFileType = image.png; path = "环境监测@3x.png"; sourceTree = "<group>"; };
		CD515AE41C7307A400601CA2 /* RequestFlag.h */ = {isa = PBXFileReference; fileEncoding = 4; lastKnownFileType = sourcecode.c.h; path = RequestFlag.h; sourceTree = "<group>"; };
		CD5CD00A1C71E10F00B6A34B /* AFRquest.h */ = {isa = PBXFileReference; fileEncoding = 4; lastKnownFileType = sourcecode.c.h; path = AFRquest.h; sourceTree = "<group>"; };
		CD5CD00B1C71E10F00B6A34B /* AFRquest.m */ = {isa = PBXFileReference; fileEncoding = 4; lastKnownFileType = sourcecode.c.objc; path = AFRquest.m; sourceTree = "<group>"; };
		CD65AB391C71C37D00AED0F8 /* MinePageViewController.h */ = {isa = PBXFileReference; fileEncoding = 4; lastKnownFileType = sourcecode.c.h; path = MinePageViewController.h; sourceTree = "<group>"; };
		CD65AB3A1C71C37D00AED0F8 /* MinePageViewController.m */ = {isa = PBXFileReference; fileEncoding = 4; lastKnownFileType = sourcecode.c.objc; path = MinePageViewController.m; sourceTree = "<group>"; };
		CD69448B1C75AD9D00E04081 /* LoginViewController.h */ = {isa = PBXFileReference; fileEncoding = 4; lastKnownFileType = sourcecode.c.h; path = LoginViewController.h; sourceTree = "<group>"; };
		CD69448C1C75AD9D00E04081 /* LoginViewController.m */ = {isa = PBXFileReference; fileEncoding = 4; lastKnownFileType = sourcecode.c.objc; path = LoginViewController.m; sourceTree = "<group>"; };
		CD6944DE1C75BDE500E04081 /* MemberCollectionViewCell.h */ = {isa = PBXFileReference; fileEncoding = 4; lastKnownFileType = sourcecode.c.h; path = MemberCollectionViewCell.h; sourceTree = "<group>"; };
		CD6944DF1C75BDE500E04081 /* MemberCollectionViewCell.m */ = {isa = PBXFileReference; fileEncoding = 4; lastKnownFileType = sourcecode.c.objc; path = MemberCollectionViewCell.m; sourceTree = "<group>"; };
		CD6944E01C75BDE500E04081 /* PBADBannerCellTableViewCell.h */ = {isa = PBXFileReference; fileEncoding = 4; lastKnownFileType = sourcecode.c.h; path = PBADBannerCellTableViewCell.h; sourceTree = "<group>"; };
		CD6944E11C75BDE500E04081 /* PBADBannerCellTableViewCell.m */ = {isa = PBXFileReference; fileEncoding = 4; lastKnownFileType = sourcecode.c.objc; path = PBADBannerCellTableViewCell.m; sourceTree = "<group>"; };
		CD6944E21C75BDE500E04081 /* PBADBannerCellTableViewCell.xib */ = {isa = PBXFileReference; fileEncoding = 4; lastKnownFileType = file.xib; path = PBADBannerCellTableViewCell.xib; sourceTree = "<group>"; };
		CD6944E31C75BDE500E04081 /* PBButtonChooseCell.h */ = {isa = PBXFileReference; fileEncoding = 4; lastKnownFileType = sourcecode.c.h; path = PBButtonChooseCell.h; sourceTree = "<group>"; };
		CD6944E41C75BDE500E04081 /* PBButtonChooseCell.m */ = {isa = PBXFileReference; fileEncoding = 4; lastKnownFileType = sourcecode.c.objc; path = PBButtonChooseCell.m; sourceTree = "<group>"; };
		CD6944E51C75BDE500E04081 /* PBButtonChooseCell.xib */ = {isa = PBXFileReference; fileEncoding = 4; lastKnownFileType = file.xib; path = PBButtonChooseCell.xib; sourceTree = "<group>"; };
		CD6944E61C75BDE500E04081 /* ZZSpaceRecommendCellTableViewCell.h */ = {isa = PBXFileReference; fileEncoding = 4; lastKnownFileType = sourcecode.c.h; path = ZZSpaceRecommendCellTableViewCell.h; sourceTree = "<group>"; };
		CD6944E71C75BDE500E04081 /* ZZSpaceRecommendCellTableViewCell.m */ = {isa = PBXFileReference; fileEncoding = 4; lastKnownFileType = sourcecode.c.objc; path = ZZSpaceRecommendCellTableViewCell.m; sourceTree = "<group>"; };
		CD6944E81C75BDE500E04081 /* ZZSpaceRecommendCellTableViewCell.xib */ = {isa = PBXFileReference; fileEncoding = 4; lastKnownFileType = file.xib; path = ZZSpaceRecommendCellTableViewCell.xib; sourceTree = "<group>"; };
		CD6944F11C75C89600E04081 /* PBDoubleTableViewCell.h */ = {isa = PBXFileReference; fileEncoding = 4; lastKnownFileType = sourcecode.c.h; path = PBDoubleTableViewCell.h; sourceTree = "<group>"; };
		CD6944F21C75C89600E04081 /* PBDoubleTableViewCell.m */ = {isa = PBXFileReference; fileEncoding = 4; lastKnownFileType = sourcecode.c.objc; path = PBDoubleTableViewCell.m; sourceTree = "<group>"; };
		CD6944F31C75C89600E04081 /* PBDoubleTableViewCell.xib */ = {isa = PBXFileReference; fileEncoding = 4; lastKnownFileType = file.xib; path = PBDoubleTableViewCell.xib; sourceTree = "<group>"; };
		CD6944F41C75C89600E04081 /* PBMineTableViewHeadCellTableViewCell.h */ = {isa = PBXFileReference; fileEncoding = 4; lastKnownFileType = sourcecode.c.h; path = PBMineTableViewHeadCellTableViewCell.h; sourceTree = "<group>"; };
		CD6944F51C75C89600E04081 /* PBMineTableViewHeadCellTableViewCell.m */ = {isa = PBXFileReference; fileEncoding = 4; lastKnownFileType = sourcecode.c.objc; path = PBMineTableViewHeadCellTableViewCell.m; sourceTree = "<group>"; };
		CD6944F61C75C89600E04081 /* PBMineTableViewHeadCellTableViewCell.xib */ = {isa = PBXFileReference; fileEncoding = 4; lastKnownFileType = file.xib; path = PBMineTableViewHeadCellTableViewCell.xib; sourceTree = "<group>"; };
		CD6944F71C75C89600E04081 /* PBMineTableViewSecondCell.h */ = {isa = PBXFileReference; fileEncoding = 4; lastKnownFileType = sourcecode.c.h; path = PBMineTableViewSecondCell.h; sourceTree = "<group>"; };
		CD6944F81C75C89600E04081 /* PBMineTableViewSecondCell.m */ = {isa = PBXFileReference; fileEncoding = 4; lastKnownFileType = sourcecode.c.objc; path = PBMineTableViewSecondCell.m; sourceTree = "<group>"; };
		CD6944F91C75C89600E04081 /* PBMineTableViewSecondCell.xib */ = {isa = PBXFileReference; fileEncoding = 4; lastKnownFileType = file.xib; path = PBMineTableViewSecondCell.xib; sourceTree = "<group>"; };
		CD6944FA1C75C89600E04081 /* PBMineTableViewSingleLineCell.h */ = {isa = PBXFileReference; fileEncoding = 4; lastKnownFileType = sourcecode.c.h; path = PBMineTableViewSingleLineCell.h; sourceTree = "<group>"; };
		CD6944FB1C75C89600E04081 /* PBMineTableViewSingleLineCell.m */ = {isa = PBXFileReference; fileEncoding = 4; lastKnownFileType = sourcecode.c.objc; path = PBMineTableViewSingleLineCell.m; sourceTree = "<group>"; };
		CD6944FC1C75C89600E04081 /* PBMineTableViewSingleLineCell.xib */ = {isa = PBXFileReference; fileEncoding = 4; lastKnownFileType = file.xib; path = PBMineTableViewSingleLineCell.xib; sourceTree = "<group>"; };
		CD6945081C75C8C000E04081 /* mine_account_number@2x.png */ = {isa = PBXFileReference; lastKnownFileType = image.png; path = "mine_account_number@2x.png"; sourceTree = "<group>"; };
		CD6945091C75C8C000E04081 /* mine_account_number@3x.png */ = {isa = PBXFileReference; lastKnownFileType = image.png; path = "mine_account_number@3x.png"; sourceTree = "<group>"; };
		CD69450A1C75C8C000E04081 /* mine_appointment_visit.png */ = {isa = PBXFileReference; lastKnownFileType = image.png; path = mine_appointment_visit.png; sourceTree = "<group>"; };
		CD69450B1C75C8C000E04081 /* mine_appointment_visit@2x.png */ = {isa = PBXFileReference; lastKnownFileType = image.png; path = "mine_appointment_visit@2x.png"; sourceTree = "<group>"; };
		CD69450C1C75C8C000E04081 /* mine_bg@2x.png */ = {isa = PBXFileReference; lastKnownFileType = image.png; path = "mine_bg@2x.png"; sourceTree = "<group>"; };
		CD69450D1C75C8C000E04081 /* mine_bg@3x.png */ = {isa = PBXFileReference; lastKnownFileType = image.png; path = "mine_bg@3x.png"; sourceTree = "<group>"; };
		CD69450E1C75C8C000E04081 /* mine_card@2x.png */ = {isa = PBXFileReference; lastKnownFileType = image.png; path = "mine_card@2x.png"; sourceTree = "<group>"; };
		CD69450F1C75C8C000E04081 /* mine_card@3x.png */ = {isa = PBXFileReference; lastKnownFileType = image.png; path = "mine_card@3x.png"; sourceTree = "<group>"; };
		CD6945101C75C8C000E04081 /* mine_coffice@2x.png */ = {isa = PBXFileReference; lastKnownFileType = image.png; path = "mine_coffice@2x.png"; sourceTree = "<group>"; };
		CD6945111C75C8C000E04081 /* mine_coffice@3x.png */ = {isa = PBXFileReference; lastKnownFileType = image.png; path = "mine_coffice@3x.png"; sourceTree = "<group>"; };
		CD6945121C75C8C000E04081 /* mine_customer_service_center@2x.png */ = {isa = PBXFileReference; lastKnownFileType = image.png; path = "mine_customer_service_center@2x.png"; sourceTree = "<group>"; };
		CD6945131C75C8C000E04081 /* mine_customer_service_center@3x.png */ = {isa = PBXFileReference; lastKnownFileType = image.png; path = "mine_customer_service_center@3x.png"; sourceTree = "<group>"; };
		CD6945141C75C8C000E04081 /* mine_headphoto_example.png */ = {isa = PBXFileReference; lastKnownFileType = image.png; path = mine_headphoto_example.png; sourceTree = "<group>"; };
		CD6945151C75C8C000E04081 /* mine_help@2x.png */ = {isa = PBXFileReference; lastKnownFileType = image.png; path = "mine_help@2x.png"; sourceTree = "<group>"; };
		CD6945161C75C8C000E04081 /* mine_help@3x.png */ = {isa = PBXFileReference; lastKnownFileType = image.png; path = "mine_help@3x.png"; sourceTree = "<group>"; };
		CD6945171C75C8C000E04081 /* mine_online_orientation@2x.png */ = {isa = PBXFileReference; lastKnownFileType = image.png; path = "mine_online_orientation@2x.png"; sourceTree = "<group>"; };
		CD6945181C75C8C000E04081 /* mine_online_orientation@3x.png */ = {isa = PBXFileReference; lastKnownFileType = image.png; path = "mine_online_orientation@3x.png"; sourceTree = "<group>"; };
		CD6945191C75C8C000E04081 /* mine_pay@2x.png */ = {isa = PBXFileReference; lastKnownFileType = image.png; path = "mine_pay@2x.png"; sourceTree = "<group>"; };
		CD69451A1C75C8C000E04081 /* mine_pay@3x.png */ = {isa = PBXFileReference; lastKnownFileType = image.png; path = "mine_pay@3x.png"; sourceTree = "<group>"; };
		CD69451B1C75C8C000E04081 /* mine_resume@2x.png */ = {isa = PBXFileReference; lastKnownFileType = image.png; path = "mine_resume@2x.png"; sourceTree = "<group>"; };
		CD69451C1C75C8C000E04081 /* mine_resume@3x.png */ = {isa = PBXFileReference; lastKnownFileType = image.png; path = "mine_resume@3x.png"; sourceTree = "<group>"; };
		CD69451D1C75C8C000E04081 /* mine_review@2x.png */ = {isa = PBXFileReference; lastKnownFileType = image.png; path = "mine_review@2x.png"; sourceTree = "<group>"; };
		CD69451E1C75C8C000E04081 /* mine_review@3x.png */ = {isa = PBXFileReference; lastKnownFileType = image.png; path = "mine_review@3x.png"; sourceTree = "<group>"; };
		CD69451F1C75C8C000E04081 /* mine_service@2x.png */ = {isa = PBXFileReference; lastKnownFileType = image.png; path = "mine_service@2x.png"; sourceTree = "<group>"; };
		CD6945201C75C8C000E04081 /* mine_service@3x.png */ = {isa = PBXFileReference; lastKnownFileType = image.png; path = "mine_service@3x.png"; sourceTree = "<group>"; };
		CD6945211C75C8C000E04081 /* mine_set_up@2x.png */ = {isa = PBXFileReference; lastKnownFileType = image.png; path = "mine_set_up@2x.png"; sourceTree = "<group>"; };
		CD6945221C75C8C000E04081 /* mine_set_up@3x.png */ = {isa = PBXFileReference; lastKnownFileType = image.png; path = "mine_set_up@3x.png"; sourceTree = "<group>"; };
		CD6945401C75C90C00E04081 /* line@2x.png */ = {isa = PBXFileReference; lastKnownFileType = image.png; path = "line@2x.png"; sourceTree = "<group>"; };
		CD6945411C75C90C00E04081 /* line@3x.png */ = {isa = PBXFileReference; lastKnownFileType = image.png; path = "line@3x.png"; sourceTree = "<group>"; };
		CD6945441C75C96900E04081 /* push_arrow@2x.png */ = {isa = PBXFileReference; lastKnownFileType = image.png; path = "push_arrow@2x.png"; sourceTree = "<group>"; };
		CD6945461C75C98100E04081 /* push_arrow@3x.png */ = {isa = PBXFileReference; lastKnownFileType = image.png; path = "push_arrow@3x.png"; sourceTree = "<group>"; };
		CD6945481C75CC5600E04081 /* headphoto_defaluted@2x.png */ = {isa = PBXFileReference; lastKnownFileType = image.png; path = "headphoto_defaluted@2x.png"; sourceTree = "<group>"; };
		CD6945491C75CC5600E04081 /* hint@2x.png */ = {isa = PBXFileReference; lastKnownFileType = image.png; path = "hint@2x.png"; sourceTree = "<group>"; };
		CD69454A1C75CC5600E04081 /* hint@3x.png */ = {isa = PBXFileReference; lastKnownFileType = image.png; path = "hint@3x.png"; sourceTree = "<group>"; };
		CD69454E1C75CC6600E04081 /* headphoto_defaluted@3x.png */ = {isa = PBXFileReference; lastKnownFileType = image.png; path = "headphoto_defaluted@3x.png"; sourceTree = "<group>"; };
		CD7360B41C71C91B00E3971C /* LincKia-Prefix.pch */ = {isa = PBXFileReference; fileEncoding = 4; lastKnownFileType = sourcecode.c.h; path = "LincKia-Prefix.pch"; sourceTree = "<group>"; };
		CD7360B61C71C9A800E3971C /* CommonDefine.h */ = {isa = PBXFileReference; fileEncoding = 4; lastKnownFileType = sourcecode.c.h; path = CommonDefine.h; sourceTree = "<group>"; };
		CD7360B71C71C9A800E3971C /* CommonUtil.h */ = {isa = PBXFileReference; fileEncoding = 4; lastKnownFileType = sourcecode.c.h; path = CommonUtil.h; sourceTree = "<group>"; };
		CD7360B81C71C9A800E3971C /* CommonUtil.m */ = {isa = PBXFileReference; fileEncoding = 4; lastKnownFileType = sourcecode.c.objc; path = CommonUtil.m; sourceTree = "<group>"; };
		CD7360B91C71C9A800E3971C /* CustomTextField.h */ = {isa = PBXFileReference; fileEncoding = 4; lastKnownFileType = sourcecode.c.h; path = CustomTextField.h; sourceTree = "<group>"; };
		CD7360BA1C71C9A800E3971C /* CustomTextField.m */ = {isa = PBXFileReference; fileEncoding = 4; lastKnownFileType = sourcecode.c.objc; path = CustomTextField.m; sourceTree = "<group>"; };
		CD7360BB1C71C9A800E3971C /* GlobalConfig.h */ = {isa = PBXFileReference; fileEncoding = 4; lastKnownFileType = sourcecode.c.h; path = GlobalConfig.h; sourceTree = "<group>"; };
		CD7360BC1C71C9A800E3971C /* UITextField+PlaceHolderSetting.h */ = {isa = PBXFileReference; fileEncoding = 4; lastKnownFileType = sourcecode.c.h; path = "UITextField+PlaceHolderSetting.h"; sourceTree = "<group>"; };
		CD7360BD1C71C9A800E3971C /* UITextField+PlaceHolderSetting.m */ = {isa = PBXFileReference; fileEncoding = 4; lastKnownFileType = sourcecode.c.objc; path = "UITextField+PlaceHolderSetting.m"; sourceTree = "<group>"; };
		CD7360C21C71CA5200E3971C /* PBSingleTon.h */ = {isa = PBXFileReference; fileEncoding = 4; lastKnownFileType = sourcecode.c.h; path = PBSingleTon.h; sourceTree = "<group>"; };
		CD81A08C1C72B69F00221AEF /* home_pressed@2x.png */ = {isa = PBXFileReference; lastKnownFileType = image.png; path = "home_pressed@2x.png"; sourceTree = "<group>"; };
		CD81A08D1C72B69F00221AEF /* home_pressed@3x.png */ = {isa = PBXFileReference; lastKnownFileType = image.png; path = "home_pressed@3x.png"; sourceTree = "<group>"; };
		CD81A08E1C72B69F00221AEF /* home_unpressed@2x.png */ = {isa = PBXFileReference; lastKnownFileType = image.png; path = "home_unpressed@2x.png"; sourceTree = "<group>"; };
		CD81A08F1C72B69F00221AEF /* home_unpressed@3x.png */ = {isa = PBXFileReference; lastKnownFileType = image.png; path = "home_unpressed@3x.png"; sourceTree = "<group>"; };
		CD81A0901C72B69F00221AEF /* member_pressed@2x.png */ = {isa = PBXFileReference; lastKnownFileType = image.png; path = "member_pressed@2x.png"; sourceTree = "<group>"; };
		CD81A0911C72B69F00221AEF /* member_pressed@3x.png */ = {isa = PBXFileReference; lastKnownFileType = image.png; path = "member_pressed@3x.png"; sourceTree = "<group>"; };
		CD81A0921C72B69F00221AEF /* member_unpressed@2x.png */ = {isa = PBXFileReference; lastKnownFileType = image.png; path = "member_unpressed@2x.png"; sourceTree = "<group>"; };
		CD81A0931C72B69F00221AEF /* member_unpressed@3x.png */ = {isa = PBXFileReference; lastKnownFileType = image.png; path = "member_unpressed@3x.png"; sourceTree = "<group>"; };
		CD81A0941C72B69F00221AEF /* mine_pressed@2x.png */ = {isa = PBXFileReference; lastKnownFileType = image.png; path = "mine_pressed@2x.png"; sourceTree = "<group>"; };
		CD81A0951C72B69F00221AEF /* mine_pressed@3x.png */ = {isa = PBXFileReference; lastKnownFileType = image.png; path = "mine_pressed@3x.png"; sourceTree = "<group>"; };
		CD81A0961C72B69F00221AEF /* mine_unpressed@2x.png */ = {isa = PBXFileReference; lastKnownFileType = image.png; path = "mine_unpressed@2x.png"; sourceTree = "<group>"; };
		CD81A0971C72B69F00221AEF /* mine_unpressed@3x.png */ = {isa = PBXFileReference; lastKnownFileType = image.png; path = "mine_unpressed@3x.png"; sourceTree = "<group>"; };
		CD8637A91C7567950090AD7E /* welcome@2x.png */ = {isa = PBXFileReference; lastKnownFileType = image.png; path = "welcome@2x.png"; sourceTree = "<group>"; };
		CD8637AA1C7567950090AD7E /* welcome@3x.png */ = {isa = PBXFileReference; lastKnownFileType = image.png; path = "welcome@3x.png"; sourceTree = "<group>"; };
		D7EBCBAFE4522676A54C0904 /* Pods.release.xcconfig */ = {isa = PBXFileReference; includeInIndex = 1; lastKnownFileType = text.xcconfig; name = Pods.release.xcconfig; path = "Pods/Target Support Files/Pods/Pods.release.xcconfig"; sourceTree = "<group>"; };
/* End PBXFileReference section */

/* Begin PBXFrameworksBuildPhase section */
		CD1D571B1C71BDB700BB30AC /* Frameworks */ = {
			isa = PBXFrameworksBuildPhase;
			buildActionMask = 2147483647;
			files = (
				DF6E82A5586B81344BCBA4C6 /* libPods.a in Frameworks */,
			);
			runOnlyForDeploymentPostprocessing = 0;
		};
		CD1D57371C71BDB800BB30AC /* Frameworks */ = {
			isa = PBXFrameworksBuildPhase;
			buildActionMask = 2147483647;
			files = (
			);
			runOnlyForDeploymentPostprocessing = 0;
		};
		CD1D57421C71BDB800BB30AC /* Frameworks */ = {
			isa = PBXFrameworksBuildPhase;
			buildActionMask = 2147483647;
			files = (
			);
			runOnlyForDeploymentPostprocessing = 0;
		};
/* End PBXFrameworksBuildPhase section */

/* Begin PBXGroup section */
		65B419401C756B7700FA817B /* IndustryList */ = {
			isa = PBXGroup;
			children = (
				65B419411C756B7700FA817B /* PBIndustryViewController.h */,
				65B419421C756B7700FA817B /* PBIndustryViewController.m */,
				65B419431C756B7700FA817B /* PBIndustryViewController.xib */,
			);
			path = IndustryList;
			sourceTree = "<group>";
		};
		8BC53963206283428D6956E3 /* Pods */ = {
			isa = PBXGroup;
			children = (
				5209D7976CD92A98E2D1845C /* Pods.debug.xcconfig */,
				D7EBCBAFE4522676A54C0904 /* Pods.release.xcconfig */,
			);
			name = Pods;
			sourceTree = "<group>";
		};
		CD1D57151C71BDB700BB30AC = {
			isa = PBXGroup;
			children = (
				CD81A08A1C72B69F00221AEF /* images */,
				CD5CD0091C71E0EC00B6A34B /* AFRequest */,
				CD7360B51C71C9A800E3971C /* Config */,
				CD1D57201C71BDB700BB30AC /* LincKia */,
				CD1D573D1C71BDB800BB30AC /* LincKiaTests */,
				CD1D57481C71BDB800BB30AC /* LincKiaUITests */,
				CD1D571F1C71BDB700BB30AC /* Products */,
				8BC53963206283428D6956E3 /* Pods */,
				F81859BCEED719930C5348E8 /* Frameworks */,
			);
			sourceTree = "<group>";
		};
		CD1D571F1C71BDB700BB30AC /* Products */ = {
			isa = PBXGroup;
			children = (
				CD1D571E1C71BDB700BB30AC /* LincKia.app */,
				CD1D573A1C71BDB800BB30AC /* LincKiaTests.xctest */,
				CD1D57451C71BDB800BB30AC /* LincKiaUITests.xctest */,
			);
			name = Products;
			sourceTree = "<group>";
		};
		CD1D57201C71BDB700BB30AC /* LincKia */ = {
			isa = PBXGroup;
			children = (
				CD6944DD1C75BDE500E04081 /* ViewCells */,
				65B419401C756B7700FA817B /* IndustryList */,
				CD69448A1C75AD9D00E04081 /* LoginPage */,
				CD1D57241C71BDB700BB30AC /* AppDelegate.h */,
				CD1D57251C71BDB700BB30AC /* AppDelegate.m */,
				CD1D57271C71BDB700BB30AC /* HomePageViewController.h */,
				CD1D57281C71BDB700BB30AC /* HomePageViewController.m */,
				CD1D572A1C71BDB700BB30AC /* MemberPageViewController.h */,
				CD1D572B1C71BDB700BB30AC /* MemberPageViewController.m */,
				CD65AB391C71C37D00AED0F8 /* MinePageViewController.h */,
				CD65AB3A1C71C37D00AED0F8 /* MinePageViewController.m */,
				CD1D572D1C71BDB700BB30AC /* Main.storyboard */,
				CD1D57301C71BDB700BB30AC /* Assets.xcassets */,
				CD1D57321C71BDB700BB30AC /* LaunchScreen.storyboard */,
				CD1D57351C71BDB700BB30AC /* Info.plist */,
				CD1D57211C71BDB700BB30AC /* Supporting Files */,
			);
			path = LincKia;
			sourceTree = "<group>";
		};
		CD1D57211C71BDB700BB30AC /* Supporting Files */ = {
			isa = PBXGroup;
			children = (
				CD1D57221C71BDB700BB30AC /* main.m */,
				CD7360B41C71C91B00E3971C /* LincKia-Prefix.pch */,
			);
			name = "Supporting Files";
			sourceTree = "<group>";
		};
		CD1D573D1C71BDB800BB30AC /* LincKiaTests */ = {
			isa = PBXGroup;
			children = (
				CD1D573E1C71BDB800BB30AC /* LincKiaTests.m */,
				CD1D57401C71BDB800BB30AC /* Info.plist */,
			);
			path = LincKiaTests;
			sourceTree = "<group>";
		};
		CD1D57481C71BDB800BB30AC /* LincKiaUITests */ = {
			isa = PBXGroup;
			children = (
				CD1D57491C71BDB800BB30AC /* LincKiaUITests.m */,
				CD1D574B1C71BDB800BB30AC /* Info.plist */,
			);
			path = LincKiaUITests;
			sourceTree = "<group>";
		};
		CD25C73D1C74559C00F228E0 /* 注册与登录 */ = {
			isa = PBXGroup;
			children = (
				CD25C7451C74559C00F228E0 /* logo@3x.png */,
				CD25C7471C74559C00F228E0 /* register_button_bg_unpressed@3x.png */,
				CD25C7481C74559C00F228E0 /* register_cellphone@3x.png */,
				CD25C7491C74559C00F228E0 /* register_content_bg@3x.png */,
				CD25C74A1C74559C00F228E0 /* register_password@3x.png */,
				CD25C74B1C74559C00F228E0 /* users_textfield_clicked@3x.png */,
				CD25C74C1C74559C00F228E0 /* users_textfield_unclicked@3x.png */,
			);
			path = "注册与登录";
			sourceTree = "<group>";
		};
		CD25C75C1C74567E00F228E0 /* 通用 */ = {
			isa = PBXGroup;
			children = (
				CD69454E1C75CC6600E04081 /* headphoto_defaluted@3x.png */,
				CD6945481C75CC5600E04081 /* headphoto_defaluted@2x.png */,
				CD6945491C75CC5600E04081 /* hint@2x.png */,
				CD69454A1C75CC5600E04081 /* hint@3x.png */,
				CD6945461C75C98100E04081 /* push_arrow@3x.png */,
				CD6945441C75C96900E04081 /* push_arrow@2x.png */,
				CD6945401C75C90C00E04081 /* line@2x.png */,
				CD6945411C75C90C00E04081 /* line@3x.png */,
				CD8637A91C7567950090AD7E /* welcome@2x.png */,
				CD8637AA1C7567950090AD7E /* welcome@3x.png */,
				CD25C75D1C74567E00F228E0 /* title_back_unpressed@2x.png */,
				CD25C75E1C74567E00F228E0 /* title_back_unpressed@3x.png */,
			);
			path = "通用";
			sourceTree = "<group>";
		};
		CD45EDE71C77115E0042E9A2 /* 会员 */ = {
			isa = PBXGroup;
			children = (
				CD45EDE81C77115E0042E9A2 /* service_coffee@2x.png */,
				CD45EDE91C77115E0042E9A2 /* service_coffee@3x.png */,
				CD45EDEA1C77115E0042E9A2 /* service_mine_organization@2x.png */,
				CD45EDEB1C77115E0042E9A2 /* service_mine_organization@3x.png */,
				CD45EDEC1C77115E0042E9A2 /* service_mine_wage@2x.png */,
				CD45EDED1C77115E0042E9A2 /* service_mine_wage@3x.png */,
				CD45EDEE1C77115E0042E9A2 /* 会议室@2x.png */,
				CD45EDEF1C77115E0042E9A2 /* 会议室@3x.png */,
				CD45EDF01C77115E0042E9A2 /* 发快递@2x.png */,
				CD45EDF11C77115E0042E9A2 /* 发快递@3x.png */,
				CD45EDF21C77115E0042E9A2 /* 开门@2x.png */,
				CD45EDF31C77115E0042E9A2 /* 开门@3x.png */,
				CD45EDF41C77115E0042E9A2 /* 快递查询@2x.png */,
				CD45EDF51C77115E0042E9A2 /* 快递查询@3x.png */,
				CD45EDF61C77115E0042E9A2 /* 滴滴出行@2x.png */,
				CD45EDF71C77115E0042E9A2 /* 滴滴出行@3x.png */,
				CD45EDF81C77115E0042E9A2 /* 环境监测@2x.png */,
				CD45EDF91C77115E0042E9A2 /* 环境监测@3x.png */,
			);
			path = "会员";
			sourceTree = "<group>";
		};
		CD5CD0091C71E0EC00B6A34B /* AFRequest */ = {
			isa = PBXGroup;
			children = (
				CD5CD00A1C71E10F00B6A34B /* AFRquest.h */,
				CD5CD00B1C71E10F00B6A34B /* AFRquest.m */,
				CD515AE41C7307A400601CA2 /* RequestFlag.h */,
			);
			path = AFRequest;
			sourceTree = "<group>";
		};
		CD69448A1C75AD9D00E04081 /* LoginPage */ = {
			isa = PBXGroup;
			children = (
				CD69448B1C75AD9D00E04081 /* LoginViewController.h */,
				CD69448C1C75AD9D00E04081 /* LoginViewController.m */,
			);
			path = LoginPage;
			sourceTree = "<group>";
		};
		CD6944DD1C75BDE500E04081 /* ViewCells */ = {
			isa = PBXGroup;
			children = (
				CD6944F01C75C89600E04081 /* PBMineViewCell */,
				CD6944DE1C75BDE500E04081 /* MemberCollectionViewCell.h */,
				CD6944DF1C75BDE500E04081 /* MemberCollectionViewCell.m */,
				CD6944E01C75BDE500E04081 /* PBADBannerCellTableViewCell.h */,
				CD6944E11C75BDE500E04081 /* PBADBannerCellTableViewCell.m */,
				CD6944E21C75BDE500E04081 /* PBADBannerCellTableViewCell.xib */,
				CD6944E31C75BDE500E04081 /* PBButtonChooseCell.h */,
				CD6944E41C75BDE500E04081 /* PBButtonChooseCell.m */,
				CD6944E51C75BDE500E04081 /* PBButtonChooseCell.xib */,
				CD6944E61C75BDE500E04081 /* ZZSpaceRecommendCellTableViewCell.h */,
				CD6944E71C75BDE500E04081 /* ZZSpaceRecommendCellTableViewCell.m */,
				CD6944E81C75BDE500E04081 /* ZZSpaceRecommendCellTableViewCell.xib */,
			);
			path = ViewCells;
			sourceTree = "<group>";
		};
		CD6944F01C75C89600E04081 /* PBMineViewCell */ = {
			isa = PBXGroup;
			children = (
				CD6944F11C75C89600E04081 /* PBDoubleTableViewCell.h */,
				CD6944F21C75C89600E04081 /* PBDoubleTableViewCell.m */,
				CD6944F31C75C89600E04081 /* PBDoubleTableViewCell.xib */,
				CD6944F41C75C89600E04081 /* PBMineTableViewHeadCellTableViewCell.h */,
				CD6944F51C75C89600E04081 /* PBMineTableViewHeadCellTableViewCell.m */,
				CD6944F61C75C89600E04081 /* PBMineTableViewHeadCellTableViewCell.xib */,
				CD6944F71C75C89600E04081 /* PBMineTableViewSecondCell.h */,
				CD6944F81C75C89600E04081 /* PBMineTableViewSecondCell.m */,
				CD6944F91C75C89600E04081 /* PBMineTableViewSecondCell.xib */,
				CD6944FA1C75C89600E04081 /* PBMineTableViewSingleLineCell.h */,
				CD6944FB1C75C89600E04081 /* PBMineTableViewSingleLineCell.m */,
				CD6944FC1C75C89600E04081 /* PBMineTableViewSingleLineCell.xib */,
			);
			path = PBMineViewCell;
			sourceTree = "<group>";
		};
		CD6945051C75C8C000E04081 /* 我的 */ = {
			isa = PBXGroup;
			children = (
				CD6945081C75C8C000E04081 /* mine_account_number@2x.png */,
				CD6945091C75C8C000E04081 /* mine_account_number@3x.png */,
				CD69450A1C75C8C000E04081 /* mine_appointment_visit.png */,
				CD69450B1C75C8C000E04081 /* mine_appointment_visit@2x.png */,
				CD69450C1C75C8C000E04081 /* mine_bg@2x.png */,
				CD69450D1C75C8C000E04081 /* mine_bg@3x.png */,
				CD69450E1C75C8C000E04081 /* mine_card@2x.png */,
				CD69450F1C75C8C000E04081 /* mine_card@3x.png */,
				CD6945101C75C8C000E04081 /* mine_coffice@2x.png */,
				CD6945111C75C8C000E04081 /* mine_coffice@3x.png */,
				CD6945121C75C8C000E04081 /* mine_customer_service_center@2x.png */,
				CD6945131C75C8C000E04081 /* mine_customer_service_center@3x.png */,
				CD6945141C75C8C000E04081 /* mine_headphoto_example.png */,
				CD6945151C75C8C000E04081 /* mine_help@2x.png */,
				CD6945161C75C8C000E04081 /* mine_help@3x.png */,
				CD6945171C75C8C000E04081 /* mine_online_orientation@2x.png */,
				CD6945181C75C8C000E04081 /* mine_online_orientation@3x.png */,
				CD6945191C75C8C000E04081 /* mine_pay@2x.png */,
				CD69451A1C75C8C000E04081 /* mine_pay@3x.png */,
				CD69451B1C75C8C000E04081 /* mine_resume@2x.png */,
				CD69451C1C75C8C000E04081 /* mine_resume@3x.png */,
				CD69451D1C75C8C000E04081 /* mine_review@2x.png */,
				CD69451E1C75C8C000E04081 /* mine_review@3x.png */,
				CD69451F1C75C8C000E04081 /* mine_service@2x.png */,
				CD6945201C75C8C000E04081 /* mine_service@3x.png */,
				CD6945211C75C8C000E04081 /* mine_set_up@2x.png */,
				CD6945221C75C8C000E04081 /* mine_set_up@3x.png */,
			);
			path = "我的";
			sourceTree = "<group>";
		};
		CD7360B51C71C9A800E3971C /* Config */ = {
			isa = PBXGroup;
			children = (
				CD7360B71C71C9A800E3971C /* CommonUtil.h */,
				CD7360B81C71C9A800E3971C /* CommonUtil.m */,
				CD7360B91C71C9A800E3971C /* CustomTextField.h */,
				CD7360BA1C71C9A800E3971C /* CustomTextField.m */,
				CD7360BC1C71C9A800E3971C /* UITextField+PlaceHolderSetting.h */,
				CD7360BD1C71C9A800E3971C /* UITextField+PlaceHolderSetting.m */,
				CD7360B61C71C9A800E3971C /* CommonDefine.h */,
				CD7360BB1C71C9A800E3971C /* GlobalConfig.h */,
				CD7360C21C71CA5200E3971C /* PBSingleTon.h */,
				CD25C7611C74570F00F228E0 /* PBButton.h */,
				CD25C7621C74570F00F228E0 /* PBButton.m */,
				CD45EDE41C76F8DF0042E9A2 /* PBAlert.h */,
				CD45EDE51C76F8DF0042E9A2 /* PBAlert.m */,
			);
			path = Config;
			sourceTree = "<group>";
		};
		CD81A08A1C72B69F00221AEF /* images */ = {
			isa = PBXGroup;
			children = (
				CD45EDE71C77115E0042E9A2 /* 会员 */,
				CD6945051C75C8C000E04081 /* 我的 */,
				CD25C75C1C74567E00F228E0 /* 通用 */,
				CD25C73D1C74559C00F228E0 /* 注册与登录 */,
				CD81A08B1C72B69F00221AEF /* 首页 */,
			);
			path = images;
			sourceTree = "<group>";
		};
		CD81A08B1C72B69F00221AEF /* 首页 */ = {
			isa = PBXGroup;
			children = (
				CD81A08C1C72B69F00221AEF /* home_pressed@2x.png */,
				CD81A08D1C72B69F00221AEF /* home_pressed@3x.png */,
				CD81A08E1C72B69F00221AEF /* home_unpressed@2x.png */,
				CD81A08F1C72B69F00221AEF /* home_unpressed@3x.png */,
				CD81A0901C72B69F00221AEF /* member_pressed@2x.png */,
				CD81A0911C72B69F00221AEF /* member_pressed@3x.png */,
				CD81A0921C72B69F00221AEF /* member_unpressed@2x.png */,
				CD81A0931C72B69F00221AEF /* member_unpressed@3x.png */,
				CD81A0941C72B69F00221AEF /* mine_pressed@2x.png */,
				CD81A0951C72B69F00221AEF /* mine_pressed@3x.png */,
				CD81A0961C72B69F00221AEF /* mine_unpressed@2x.png */,
				CD81A0971C72B69F00221AEF /* mine_unpressed@3x.png */,
				65B100331C7414DF00AF8283 /* activity_space_pressed@2x.png */,
				65B100341C7414DF00AF8283 /* activity_space_pressed@3x.png */,
				65B100351C7414DF00AF8283 /* activity_space_unpressed@2x.png */,
				65B100361C7414DF00AF8283 /* activity_space_unpressed@3x.png */,
				65B1003B1C7414F900AF8283 /* enterprise_-service_pressed@2x.png */,
				65B1003C1C7414F900AF8283 /* enterprise_-service_pressed@3x.png */,
				65B1003D1C7414F900AF8283 /* enterprise_-service_unpressed@2x.png */,
				65B1003E1C7414F900AF8283 /* enterprise_-service_unpressed@3x.png */,
				65B100431C74154300AF8283 /* office_community_pressed@2x.png */,
				65B100441C74154300AF8283 /* office_community_pressed@3x.png */,
				65B100451C74154300AF8283 /* office_community_unpressed@2x.png */,
				65B100461C74154300AF8283 /* office_community_unpressed@3x.png */,
			);
			path = "首页";
			sourceTree = "<group>";
		};
		F81859BCEED719930C5348E8 /* Frameworks */ = {
			isa = PBXGroup;
			children = (
				4A87F89A1AD34DBE85390708 /* libPods.a */,
			);
			name = Frameworks;
			sourceTree = "<group>";
		};
/* End PBXGroup section */

/* Begin PBXNativeTarget section */
		CD1D571D1C71BDB700BB30AC /* LincKia */ = {
			isa = PBXNativeTarget;
			buildConfigurationList = CD1D574E1C71BDB800BB30AC /* Build configuration list for PBXNativeTarget "LincKia" */;
			buildPhases = (
				A691341805B1AA1970983343 /* Check Pods Manifest.lock */,
				CD1D571A1C71BDB700BB30AC /* Sources */,
				CD1D571B1C71BDB700BB30AC /* Frameworks */,
				CD1D571C1C71BDB700BB30AC /* Resources */,
				0D2907BDF5BA4A42F8147451 /* Embed Pods Frameworks */,
				AE32F2539BFDCB27DADCEF15 /* Copy Pods Resources */,
			);
			buildRules = (
			);
			dependencies = (
			);
			name = LincKia;
			productName = LincKia;
			productReference = CD1D571E1C71BDB700BB30AC /* LincKia.app */;
			productType = "com.apple.product-type.application";
		};
		CD1D57391C71BDB800BB30AC /* LincKiaTests */ = {
			isa = PBXNativeTarget;
			buildConfigurationList = CD1D57511C71BDB800BB30AC /* Build configuration list for PBXNativeTarget "LincKiaTests" */;
			buildPhases = (
				CD1D57361C71BDB800BB30AC /* Sources */,
				CD1D57371C71BDB800BB30AC /* Frameworks */,
				CD1D57381C71BDB800BB30AC /* Resources */,
			);
			buildRules = (
			);
			dependencies = (
				CD1D573C1C71BDB800BB30AC /* PBXTargetDependency */,
			);
			name = LincKiaTests;
			productName = LincKiaTests;
			productReference = CD1D573A1C71BDB800BB30AC /* LincKiaTests.xctest */;
			productType = "com.apple.product-type.bundle.unit-test";
		};
		CD1D57441C71BDB800BB30AC /* LincKiaUITests */ = {
			isa = PBXNativeTarget;
			buildConfigurationList = CD1D57541C71BDB800BB30AC /* Build configuration list for PBXNativeTarget "LincKiaUITests" */;
			buildPhases = (
				CD1D57411C71BDB800BB30AC /* Sources */,
				CD1D57421C71BDB800BB30AC /* Frameworks */,
				CD1D57431C71BDB800BB30AC /* Resources */,
			);
			buildRules = (
			);
			dependencies = (
				CD1D57471C71BDB800BB30AC /* PBXTargetDependency */,
			);
			name = LincKiaUITests;
			productName = LincKiaUITests;
			productReference = CD1D57451C71BDB800BB30AC /* LincKiaUITests.xctest */;
			productType = "com.apple.product-type.bundle.ui-testing";
		};
/* End PBXNativeTarget section */

/* Begin PBXProject section */
		CD1D57161C71BDB700BB30AC /* Project object */ = {
			isa = PBXProject;
			attributes = {
				LastUpgradeCheck = 0720;
				ORGANIZATIONNAME = Phoebe;
				TargetAttributes = {
					CD1D571D1C71BDB700BB30AC = {
						CreatedOnToolsVersion = 7.2;
					};
					CD1D57391C71BDB800BB30AC = {
						CreatedOnToolsVersion = 7.2;
						TestTargetID = CD1D571D1C71BDB700BB30AC;
					};
					CD1D57441C71BDB800BB30AC = {
						CreatedOnToolsVersion = 7.2;
						TestTargetID = CD1D571D1C71BDB700BB30AC;
					};
				};
			};
			buildConfigurationList = CD1D57191C71BDB700BB30AC /* Build configuration list for PBXProject "LincKia" */;
			compatibilityVersion = "Xcode 3.2";
			developmentRegion = English;
			hasScannedForEncodings = 0;
			knownRegions = (
				en,
				Base,
			);
			mainGroup = CD1D57151C71BDB700BB30AC;
			productRefGroup = CD1D571F1C71BDB700BB30AC /* Products */;
			projectDirPath = "";
			projectRoot = "";
			targets = (
				CD1D571D1C71BDB700BB30AC /* LincKia */,
				CD1D57391C71BDB800BB30AC /* LincKiaTests */,
				CD1D57441C71BDB800BB30AC /* LincKiaUITests */,
			);
		};
/* End PBXProject section */

/* Begin PBXResourcesBuildPhase section */
		CD1D571C1C71BDB700BB30AC /* Resources */ = {
			isa = PBXResourcesBuildPhase;
			buildActionMask = 2147483647;
			files = (
				CD69453A1C75C8C000E04081 /* mine_review@2x.png in Resources */,
				CD69454B1C75CC5600E04081 /* headphoto_defaluted@2x.png in Resources */,
				CD45EDFA1C77115E0042E9A2 /* service_coffee@2x.png in Resources */,
				CD45EE051C77115E0042E9A2 /* 开门@3x.png in Resources */,
				CD6945301C75C8C000E04081 /* mine_customer_service_center@3x.png in Resources */,
				CD6945291C75C8C000E04081 /* mine_bg@2x.png in Resources */,
				CD1D57341C71BDB700BB30AC /* LaunchScreen.storyboard in Resources */,
				65B1003F1C7414F900AF8283 /* enterprise_-service_pressed@2x.png in Resources */,
				CD45EE001C77115E0042E9A2 /* 会议室@2x.png in Resources */,
				CD6945341C75C8C000E04081 /* mine_online_orientation@2x.png in Resources */,
				CD69452E1C75C8C000E04081 /* mine_coffice@3x.png in Resources */,
				CD69454C1C75CC5600E04081 /* hint@2x.png in Resources */,
				CD81A0A21C72B69F00221AEF /* mine_unpressed@2x.png in Resources */,
				CD6945371C75C8C000E04081 /* mine_pay@3x.png in Resources */,
				CD69454D1C75CC5600E04081 /* hint@3x.png in Resources */,
				CD45EE091C77115E0042E9A2 /* 滴滴出行@3x.png in Resources */,
				CD81A09D1C72B69F00221AEF /* member_pressed@3x.png in Resources */,
				65B1004A1C74154300AF8283 /* office_community_unpressed@3x.png in Resources */,
				CD25C75A1C74559C00F228E0 /* users_textfield_clicked@3x.png in Resources */,
				65B100391C7414DF00AF8283 /* activity_space_unpressed@2x.png in Resources */,
				65B100481C74154300AF8283 /* office_community_pressed@3x.png in Resources */,
				65B100381C7414DF00AF8283 /* activity_space_pressed@3x.png in Resources */,
				CD45EE071C77115E0042E9A2 /* 快递查询@3x.png in Resources */,
				CD69453D1C75C8C000E04081 /* mine_service@3x.png in Resources */,
				CD45EE011C77115E0042E9A2 /* 会议室@3x.png in Resources */,
				CD6944EF1C75BDE500E04081 /* ZZSpaceRecommendCellTableViewCell.xib in Resources */,
				CD6945431C75C90C00E04081 /* line@3x.png in Resources */,
				CD25C7581C74559C00F228E0 /* register_content_bg@3x.png in Resources */,
				CD6945271C75C8C000E04081 /* mine_appointment_visit.png in Resources */,
				65B100401C7414F900AF8283 /* enterprise_-service_pressed@3x.png in Resources */,
				CD6945041C75C89600E04081 /* PBMineTableViewSingleLineCell.xib in Resources */,
				CD6945351C75C8C000E04081 /* mine_online_orientation@3x.png in Resources */,
				CD81A09F1C72B69F00221AEF /* member_unpressed@3x.png in Resources */,
				CD69453E1C75C8C000E04081 /* mine_set_up@2x.png in Resources */,
				CD1D57311C71BDB700BB30AC /* Assets.xcassets in Resources */,
				CD69452A1C75C8C000E04081 /* mine_bg@3x.png in Resources */,
				CD69452C1C75C8C000E04081 /* mine_card@3x.png in Resources */,
				CD45EDFC1C77115E0042E9A2 /* service_mine_organization@2x.png in Resources */,
				CD45EDFE1C77115E0042E9A2 /* service_mine_wage@2x.png in Resources */,
				CD81A0991C72B69F00221AEF /* home_pressed@3x.png in Resources */,
				CD25C7571C74559C00F228E0 /* register_cellphone@3x.png in Resources */,
				CD6945281C75C8C000E04081 /* mine_appointment_visit@2x.png in Resources */,
				CD45EE0B1C77115E0042E9A2 /* 环境监测@3x.png in Resources */,
				65B100491C74154300AF8283 /* office_community_unpressed@2x.png in Resources */,
				CD45EDFD1C77115E0042E9A2 /* service_mine_organization@3x.png in Resources */,
				CD25C7561C74559C00F228E0 /* register_button_bg_unpressed@3x.png in Resources */,
				65B419451C756B7700FA817B /* PBIndustryViewController.xib in Resources */,
				65B1003A1C7414DF00AF8283 /* activity_space_unpressed@3x.png in Resources */,
				CD25C7601C74567E00F228E0 /* title_back_unpressed@3x.png in Resources */,
				CD69452D1C75C8C000E04081 /* mine_coffice@2x.png in Resources */,
				CD6945331C75C8C000E04081 /* mine_help@3x.png in Resources */,
				CD6945361C75C8C000E04081 /* mine_pay@2x.png in Resources */,
				CD81A0981C72B69F00221AEF /* home_pressed@2x.png in Resources */,
				CD1D572F1C71BDB700BB30AC /* Main.storyboard in Resources */,
				CD6945251C75C8C000E04081 /* mine_account_number@2x.png in Resources */,
				65B100471C74154300AF8283 /* office_community_pressed@2x.png in Resources */,
				CD6944FE1C75C89600E04081 /* PBDoubleTableViewCell.xib in Resources */,
				65B100371C7414DF00AF8283 /* activity_space_pressed@2x.png in Resources */,
				CD45EE081C77115E0042E9A2 /* 滴滴出行@2x.png in Resources */,
				CD6945381C75C8C000E04081 /* mine_resume@2x.png in Resources */,
				CD6945261C75C8C000E04081 /* mine_account_number@3x.png in Resources */,
				CD81A09E1C72B69F00221AEF /* member_unpressed@2x.png in Resources */,
				CD81A09A1C72B69F00221AEF /* home_unpressed@2x.png in Resources */,
				CD6945001C75C89600E04081 /* PBMineTableViewHeadCellTableViewCell.xib in Resources */,
				CD6945021C75C89600E04081 /* PBMineTableViewSecondCell.xib in Resources */,
				CD6944ED1C75BDE500E04081 /* PBButtonChooseCell.xib in Resources */,
				CD25C7541C74559C00F228E0 /* logo@3x.png in Resources */,
				CD8637AC1C7567950090AD7E /* welcome@3x.png in Resources */,
				CD45EE031C77115E0042E9A2 /* 发快递@3x.png in Resources */,
				CD45EDFB1C77115E0042E9A2 /* service_coffee@3x.png in Resources */,
				CD69452F1C75C8C000E04081 /* mine_customer_service_center@2x.png in Resources */,
				CD6944EB1C75BDE500E04081 /* PBADBannerCellTableViewCell.xib in Resources */,
				CD81A09B1C72B69F00221AEF /* home_unpressed@3x.png in Resources */,
				CD69453C1C75C8C000E04081 /* mine_service@2x.png in Resources */,
				CD69452B1C75C8C000E04081 /* mine_card@2x.png in Resources */,
				CD6945321C75C8C000E04081 /* mine_help@2x.png in Resources */,
				CD6945311C75C8C000E04081 /* mine_headphoto_example.png in Resources */,
				CD69453F1C75C8C000E04081 /* mine_set_up@3x.png in Resources */,
				CD45EE061C77115E0042E9A2 /* 快递查询@2x.png in Resources */,
				65B100411C7414F900AF8283 /* enterprise_-service_unpressed@2x.png in Resources */,
				CD25C75F1C74567E00F228E0 /* title_back_unpressed@2x.png in Resources */,
				65B100421C7414F900AF8283 /* enterprise_-service_unpressed@3x.png in Resources */,
				CD8637AB1C7567950090AD7E /* welcome@2x.png in Resources */,
				CD81A0A01C72B69F00221AEF /* mine_pressed@2x.png in Resources */,
				CD6945471C75C98100E04081 /* push_arrow@3x.png in Resources */,
				CD81A09C1C72B69F00221AEF /* member_pressed@2x.png in Resources */,
				CD45EE021C77115E0042E9A2 /* 发快递@2x.png in Resources */,
				CD69454F1C75CC6600E04081 /* headphoto_defaluted@3x.png in Resources */,
				CD6945421C75C90C00E04081 /* line@2x.png in Resources */,
				CD45EE0A1C77115E0042E9A2 /* 环境监测@2x.png in Resources */,
				CD45EDFF1C77115E0042E9A2 /* service_mine_wage@3x.png in Resources */,
				CD6945451C75C96900E04081 /* push_arrow@2x.png in Resources */,
				CD81A0A31C72B69F00221AEF /* mine_unpressed@3x.png in Resources */,
				CD45EE041C77115E0042E9A2 /* 开门@2x.png in Resources */,
				CD25C7591C74559C00F228E0 /* register_password@3x.png in Resources */,
				CD6945391C75C8C000E04081 /* mine_resume@3x.png in Resources */,
				CD81A0A11C72B69F00221AEF /* mine_pressed@3x.png in Resources */,
				CD69453B1C75C8C000E04081 /* mine_review@3x.png in Resources */,
				CD25C75B1C74559C00F228E0 /* users_textfield_unclicked@3x.png in Resources */,
			);
			runOnlyForDeploymentPostprocessing = 0;
		};
		CD1D57381C71BDB800BB30AC /* Resources */ = {
			isa = PBXResourcesBuildPhase;
			buildActionMask = 2147483647;
			files = (
			);
			runOnlyForDeploymentPostprocessing = 0;
		};
		CD1D57431C71BDB800BB30AC /* Resources */ = {
			isa = PBXResourcesBuildPhase;
			buildActionMask = 2147483647;
			files = (
			);
			runOnlyForDeploymentPostprocessing = 0;
		};
/* End PBXResourcesBuildPhase section */

/* Begin PBXShellScriptBuildPhase section */
		0D2907BDF5BA4A42F8147451 /* Embed Pods Frameworks */ = {
			isa = PBXShellScriptBuildPhase;
			buildActionMask = 2147483647;
			files = (
			);
			inputPaths = (
			);
			name = "Embed Pods Frameworks";
			outputPaths = (
			);
			runOnlyForDeploymentPostprocessing = 0;
			shellPath = /bin/sh;
			shellScript = "\"${SRCROOT}/Pods/Target Support Files/Pods/Pods-frameworks.sh\"\n";
			showEnvVarsInLog = 0;
		};
		A691341805B1AA1970983343 /* Check Pods Manifest.lock */ = {
			isa = PBXShellScriptBuildPhase;
			buildActionMask = 2147483647;
			files = (
			);
			inputPaths = (
			);
			name = "Check Pods Manifest.lock";
			outputPaths = (
			);
			runOnlyForDeploymentPostprocessing = 0;
			shellPath = /bin/sh;
			shellScript = "diff \"${PODS_ROOT}/../Podfile.lock\" \"${PODS_ROOT}/Manifest.lock\" > /dev/null\nif [[ $? != 0 ]] ; then\n    cat << EOM\nerror: The sandbox is not in sync with the Podfile.lock. Run 'pod install' or update your CocoaPods installation.\nEOM\n    exit 1\nfi\n";
			showEnvVarsInLog = 0;
		};
		AE32F2539BFDCB27DADCEF15 /* Copy Pods Resources */ = {
			isa = PBXShellScriptBuildPhase;
			buildActionMask = 2147483647;
			files = (
			);
			inputPaths = (
			);
			name = "Copy Pods Resources";
			outputPaths = (
			);
			runOnlyForDeploymentPostprocessing = 0;
			shellPath = /bin/sh;
			shellScript = "\"${SRCROOT}/Pods/Target Support Files/Pods/Pods-resources.sh\"\n";
			showEnvVarsInLog = 0;
		};
/* End PBXShellScriptBuildPhase section */

/* Begin PBXSourcesBuildPhase section */
		CD1D571A1C71BDB700BB30AC /* Sources */ = {
			isa = PBXSourcesBuildPhase;
			buildActionMask = 2147483647;
			files = (
				CD65AB3B1C71C37D00AED0F8 /* MinePageViewController.m in Sources */,
				CD1D572C1C71BDB700BB30AC /* MemberPageViewController.m in Sources */,
				CD6945031C75C89600E04081 /* PBMineTableViewSingleLineCell.m in Sources */,
				CD6944EC1C75BDE500E04081 /* PBButtonChooseCell.m in Sources */,
				CD6944EE1C75BDE500E04081 /* ZZSpaceRecommendCellTableViewCell.m in Sources */,
				CD1D57261C71BDB700BB30AC /* AppDelegate.m in Sources */,
				CD25C7631C74570F00F228E0 /* PBButton.m in Sources */,
				CD6944EA1C75BDE500E04081 /* PBADBannerCellTableViewCell.m in Sources */,
				CD6945011C75C89600E04081 /* PBMineTableViewSecondCell.m in Sources */,
				CD1D57291C71BDB700BB30AC /* HomePageViewController.m in Sources */,
				CD45EDE61C76F8DF0042E9A2 /* PBAlert.m in Sources */,
				CD6944FD1C75C89600E04081 /* PBDoubleTableViewCell.m in Sources */,
				65B419441C756B7700FA817B /* PBIndustryViewController.m in Sources */,
				CD69448D1C75AD9D00E04081 /* LoginViewController.m in Sources */,
				CD7360C01C71C9A800E3971C /* UITextField+PlaceHolderSetting.m in Sources */,
				CD6944FF1C75C89600E04081 /* PBMineTableViewHeadCellTableViewCell.m in Sources */,
				CD7360BF1C71C9A800E3971C /* CustomTextField.m in Sources */,
				CD6944E91C75BDE500E04081 /* MemberCollectionViewCell.m in Sources */,
				CD7360BE1C71C9A800E3971C /* CommonUtil.m in Sources */,
				CD1D57231C71BDB700BB30AC /* main.m in Sources */,
				CD5CD00C1C71E10F00B6A34B /* AFRquest.m in Sources */,
			);
			runOnlyForDeploymentPostprocessing = 0;
		};
		CD1D57361C71BDB800BB30AC /* Sources */ = {
			isa = PBXSourcesBuildPhase;
			buildActionMask = 2147483647;
			files = (
				CD1D573F1C71BDB800BB30AC /* LincKiaTests.m in Sources */,
			);
			runOnlyForDeploymentPostprocessing = 0;
		};
		CD1D57411C71BDB800BB30AC /* Sources */ = {
			isa = PBXSourcesBuildPhase;
			buildActionMask = 2147483647;
			files = (
				CD1D574A1C71BDB800BB30AC /* LincKiaUITests.m in Sources */,
			);
			runOnlyForDeploymentPostprocessing = 0;
		};
/* End PBXSourcesBuildPhase section */

/* Begin PBXTargetDependency section */
		CD1D573C1C71BDB800BB30AC /* PBXTargetDependency */ = {
			isa = PBXTargetDependency;
			target = CD1D571D1C71BDB700BB30AC /* LincKia */;
			targetProxy = CD1D573B1C71BDB800BB30AC /* PBXContainerItemProxy */;
		};
		CD1D57471C71BDB800BB30AC /* PBXTargetDependency */ = {
			isa = PBXTargetDependency;
			target = CD1D571D1C71BDB700BB30AC /* LincKia */;
			targetProxy = CD1D57461C71BDB800BB30AC /* PBXContainerItemProxy */;
		};
/* End PBXTargetDependency section */

/* Begin PBXVariantGroup section */
		CD1D572D1C71BDB700BB30AC /* Main.storyboard */ = {
			isa = PBXVariantGroup;
			children = (
				CD1D572E1C71BDB700BB30AC /* Base */,
			);
			name = Main.storyboard;
			sourceTree = "<group>";
		};
		CD1D57321C71BDB700BB30AC /* LaunchScreen.storyboard */ = {
			isa = PBXVariantGroup;
			children = (
				CD1D57331C71BDB700BB30AC /* Base */,
			);
			name = LaunchScreen.storyboard;
			sourceTree = "<group>";
		};
/* End PBXVariantGroup section */

/* Begin XCBuildConfiguration section */
		CD1D574C1C71BDB800BB30AC /* Debug */ = {
			isa = XCBuildConfiguration;
			buildSettings = {
				ALWAYS_SEARCH_USER_PATHS = NO;
				CLANG_CXX_LANGUAGE_STANDARD = "gnu++0x";
				CLANG_CXX_LIBRARY = "libc++";
				CLANG_ENABLE_MODULES = YES;
				CLANG_ENABLE_OBJC_ARC = YES;
				CLANG_WARN_BOOL_CONVERSION = YES;
				CLANG_WARN_CONSTANT_CONVERSION = YES;
				CLANG_WARN_DIRECT_OBJC_ISA_USAGE = YES_ERROR;
				CLANG_WARN_EMPTY_BODY = YES;
				CLANG_WARN_ENUM_CONVERSION = YES;
				CLANG_WARN_INT_CONVERSION = YES;
				CLANG_WARN_OBJC_ROOT_CLASS = YES_ERROR;
				CLANG_WARN_UNREACHABLE_CODE = YES;
				CLANG_WARN__DUPLICATE_METHOD_MATCH = YES;
				"CODE_SIGN_IDENTITY[sdk=iphoneos*]" = "iPhone Developer";
				COPY_PHASE_STRIP = NO;
				DEBUG_INFORMATION_FORMAT = dwarf;
				ENABLE_STRICT_OBJC_MSGSEND = YES;
				ENABLE_TESTABILITY = YES;
				GCC_C_LANGUAGE_STANDARD = gnu99;
				GCC_DYNAMIC_NO_PIC = NO;
				GCC_NO_COMMON_BLOCKS = YES;
				GCC_OPTIMIZATION_LEVEL = 0;
				GCC_PRECOMPILE_PREFIX_HEADER = YES;
				GCC_PREFIX_HEADER = "$(SRCROOT)/LincKia/LincKia-Prefix.pch";
				GCC_PREPROCESSOR_DEFINITIONS = (
					"DEBUG=1",
					"$(inherited)",
				);
				GCC_WARN_64_TO_32_BIT_CONVERSION = YES;
				GCC_WARN_ABOUT_RETURN_TYPE = YES_ERROR;
				GCC_WARN_UNDECLARED_SELECTOR = YES;
				GCC_WARN_UNINITIALIZED_AUTOS = YES_AGGRESSIVE;
				GCC_WARN_UNUSED_FUNCTION = YES;
				GCC_WARN_UNUSED_VARIABLE = YES;
				IPHONEOS_DEPLOYMENT_TARGET = 7.1;
				MTL_ENABLE_DEBUG_INFO = YES;
				ONLY_ACTIVE_ARCH = YES;
				SDKROOT = iphoneos;
			};
			name = Debug;
		};
		CD1D574D1C71BDB800BB30AC /* Release */ = {
			isa = XCBuildConfiguration;
			buildSettings = {
				ALWAYS_SEARCH_USER_PATHS = NO;
				CLANG_CXX_LANGUAGE_STANDARD = "gnu++0x";
				CLANG_CXX_LIBRARY = "libc++";
				CLANG_ENABLE_MODULES = YES;
				CLANG_ENABLE_OBJC_ARC = YES;
				CLANG_WARN_BOOL_CONVERSION = YES;
				CLANG_WARN_CONSTANT_CONVERSION = YES;
				CLANG_WARN_DIRECT_OBJC_ISA_USAGE = YES_ERROR;
				CLANG_WARN_EMPTY_BODY = YES;
				CLANG_WARN_ENUM_CONVERSION = YES;
				CLANG_WARN_INT_CONVERSION = YES;
				CLANG_WARN_OBJC_ROOT_CLASS = YES_ERROR;
				CLANG_WARN_UNREACHABLE_CODE = YES;
				CLANG_WARN__DUPLICATE_METHOD_MATCH = YES;
				"CODE_SIGN_IDENTITY[sdk=iphoneos*]" = "iPhone Developer";
				COPY_PHASE_STRIP = NO;
				DEBUG_INFORMATION_FORMAT = "dwarf-with-dsym";
				ENABLE_NS_ASSERTIONS = NO;
				ENABLE_STRICT_OBJC_MSGSEND = YES;
				GCC_C_LANGUAGE_STANDARD = gnu99;
				GCC_NO_COMMON_BLOCKS = YES;
				GCC_PRECOMPILE_PREFIX_HEADER = YES;
				GCC_PREFIX_HEADER = "$(SRCROOT)/LincKia/LincKia-Prefix.pch";
				GCC_WARN_64_TO_32_BIT_CONVERSION = YES;
				GCC_WARN_ABOUT_RETURN_TYPE = YES_ERROR;
				GCC_WARN_UNDECLARED_SELECTOR = YES;
				GCC_WARN_UNINITIALIZED_AUTOS = YES_AGGRESSIVE;
				GCC_WARN_UNUSED_FUNCTION = YES;
				GCC_WARN_UNUSED_VARIABLE = YES;
				IPHONEOS_DEPLOYMENT_TARGET = 7.1;
				MTL_ENABLE_DEBUG_INFO = NO;
				SDKROOT = iphoneos;
				VALIDATE_PRODUCT = YES;
			};
			name = Release;
		};
		CD1D574F1C71BDB800BB30AC /* Debug */ = {
			isa = XCBuildConfiguration;
			baseConfigurationReference = 5209D7976CD92A98E2D1845C /* Pods.debug.xcconfig */;
			buildSettings = {
				ASSETCATALOG_COMPILER_APPICON_NAME = AppIcon;
				INFOPLIST_FILE = LincKia/Info.plist;
				IPHONEOS_DEPLOYMENT_TARGET = 7.0;
				LD_RUNPATH_SEARCH_PATHS = "$(inherited) @executable_path/Frameworks";
				PRODUCT_BUNDLE_IDENTIFIER = Sage.LincKia;
				PRODUCT_NAME = "$(TARGET_NAME)";
			};
			name = Debug;
		};
		CD1D57501C71BDB800BB30AC /* Release */ = {
			isa = XCBuildConfiguration;
			baseConfigurationReference = D7EBCBAFE4522676A54C0904 /* Pods.release.xcconfig */;
			buildSettings = {
				ASSETCATALOG_COMPILER_APPICON_NAME = AppIcon;
				INFOPLIST_FILE = LincKia/Info.plist;
				IPHONEOS_DEPLOYMENT_TARGET = 7.0;
				LD_RUNPATH_SEARCH_PATHS = "$(inherited) @executable_path/Frameworks";
				PRODUCT_BUNDLE_IDENTIFIER = Sage.LincKia;
				PRODUCT_NAME = "$(TARGET_NAME)";
			};
			name = Release;
		};
		CD1D57521C71BDB800BB30AC /* Debug */ = {
			isa = XCBuildConfiguration;
			buildSettings = {
				BUNDLE_LOADER = "$(TEST_HOST)";
				INFOPLIST_FILE = LincKiaTests/Info.plist;
				LD_RUNPATH_SEARCH_PATHS = "$(inherited) @executable_path/Frameworks @loader_path/Frameworks";
				PRODUCT_BUNDLE_IDENTIFIER = Sage.LincKiaTests;
				PRODUCT_NAME = "$(TARGET_NAME)";
				TEST_HOST = "$(BUILT_PRODUCTS_DIR)/LincKia.app/LincKia";
			};
			name = Debug;
		};
		CD1D57531C71BDB800BB30AC /* Release */ = {
			isa = XCBuildConfiguration;
			buildSettings = {
				BUNDLE_LOADER = "$(TEST_HOST)";
				INFOPLIST_FILE = LincKiaTests/Info.plist;
				LD_RUNPATH_SEARCH_PATHS = "$(inherited) @executable_path/Frameworks @loader_path/Frameworks";
				PRODUCT_BUNDLE_IDENTIFIER = Sage.LincKiaTests;
				PRODUCT_NAME = "$(TARGET_NAME)";
				TEST_HOST = "$(BUILT_PRODUCTS_DIR)/LincKia.app/LincKia";
			};
			name = Release;
		};
		CD1D57551C71BDB800BB30AC /* Debug */ = {
			isa = XCBuildConfiguration;
			buildSettings = {
				INFOPLIST_FILE = LincKiaUITests/Info.plist;
				LD_RUNPATH_SEARCH_PATHS = "$(inherited) @executable_path/Frameworks @loader_path/Frameworks";
				PRODUCT_BUNDLE_IDENTIFIER = Sage.LincKiaUITests;
				PRODUCT_NAME = "$(TARGET_NAME)";
				TEST_TARGET_NAME = LincKia;
				USES_XCTRUNNER = YES;
			};
			name = Debug;
		};
		CD1D57561C71BDB800BB30AC /* Release */ = {
			isa = XCBuildConfiguration;
			buildSettings = {
				INFOPLIST_FILE = LincKiaUITests/Info.plist;
				LD_RUNPATH_SEARCH_PATHS = "$(inherited) @executable_path/Frameworks @loader_path/Frameworks";
				PRODUCT_BUNDLE_IDENTIFIER = Sage.LincKiaUITests;
				PRODUCT_NAME = "$(TARGET_NAME)";
				TEST_TARGET_NAME = LincKia;
				USES_XCTRUNNER = YES;
			};
			name = Release;
		};
/* End XCBuildConfiguration section */

/* Begin XCConfigurationList section */
		CD1D57191C71BDB700BB30AC /* Build configuration list for PBXProject "LincKia" */ = {
			isa = XCConfigurationList;
			buildConfigurations = (
				CD1D574C1C71BDB800BB30AC /* Debug */,
				CD1D574D1C71BDB800BB30AC /* Release */,
			);
			defaultConfigurationIsVisible = 0;
			defaultConfigurationName = Release;
		};
		CD1D574E1C71BDB800BB30AC /* Build configuration list for PBXNativeTarget "LincKia" */ = {
			isa = XCConfigurationList;
			buildConfigurations = (
				CD1D574F1C71BDB800BB30AC /* Debug */,
				CD1D57501C71BDB800BB30AC /* Release */,
			);
			defaultConfigurationIsVisible = 0;
			defaultConfigurationName = Release;
		};
		CD1D57511C71BDB800BB30AC /* Build configuration list for PBXNativeTarget "LincKiaTests" */ = {
			isa = XCConfigurationList;
			buildConfigurations = (
				CD1D57521C71BDB800BB30AC /* Debug */,
				CD1D57531C71BDB800BB30AC /* Release */,
			);
			defaultConfigurationIsVisible = 0;
			defaultConfigurationName = Release;
		};
		CD1D57541C71BDB800BB30AC /* Build configuration list for PBXNativeTarget "LincKiaUITests" */ = {
			isa = XCConfigurationList;
			buildConfigurations = (
				CD1D57551C71BDB800BB30AC /* Debug */,
				CD1D57561C71BDB800BB30AC /* Release */,
			);
			defaultConfigurationIsVisible = 0;
			defaultConfigurationName = Release;
		};
/* End XCConfigurationList section */
	};
	rootObject = CD1D57161C71BDB700BB30AC /* Project object */;
}
